// !$*UTF8*$!
{
	archiveVersion = 1;
	classes = {
	};
	objectVersion = 56;
	objects = {

/* Begin PBXBuildFile section */
		2916A6AF8AA4C90EFE78D2E0 /* Pods_AppTest.framework in Frameworks */ = {isa = PBXBuildFile; fileRef = 4D7E58AF015E32C35B40D162 /* Pods_AppTest.framework */; };
		D40D345129E3A54F00AAD39B /* CustomTabbar.swift in Sources */ = {isa = PBXBuildFile; fileRef = D40D345029E3A54F00AAD39B /* CustomTabbar.swift */; };
		D40D345429E3B63E00AAD39B /* InputView.swift in Sources */ = {isa = PBXBuildFile; fileRef = D40D345329E3B63E00AAD39B /* InputView.swift */; };
		D40D346029E3B70C00AAD39B /* MoreView.swift in Sources */ = {isa = PBXBuildFile; fileRef = D40D345F29E3B70C00AAD39B /* MoreView.swift */; };
		D40D346229E3E05700AAD39B /* CalendarView.swift in Sources */ = {isa = PBXBuildFile; fileRef = D40D346129E3E05700AAD39B /* CalendarView.swift */; };
		D40D346429E3E07F00AAD39B /* ReportView.swift in Sources */ = {isa = PBXBuildFile; fileRef = D40D346329E3E07F00AAD39B /* ReportView.swift */; };
		D40D346729E3E3E300AAD39B /* CustomButton.swift in Sources */ = {isa = PBXBuildFile; fileRef = D40D346629E3E3E300AAD39B /* CustomButton.swift */; };
		D40D346A29E4046900AAD39B /* InputItemView.swift in Sources */ = {isa = PBXBuildFile; fileRef = D40D346929E4046900AAD39B /* InputItemView.swift */; };
		D417050D29E7C027008E1CCB /* MoreViewModel.swift in Sources */ = {isa = PBXBuildFile; fileRef = D417050C29E7C027008E1CCB /* MoreViewModel.swift */; };
		D417050F29E7D664008E1CCB /* Country.swift in Sources */ = {isa = PBXBuildFile; fileRef = D417050E29E7D664008E1CCB /* Country.swift */; };
		D417051129E7FBCD008E1CCB /* UIApplication.swift in Sources */ = {isa = PBXBuildFile; fileRef = D417051029E7FBCD008E1CCB /* UIApplication.swift */; };
		D417051429E7FD6E008E1CCB /* KeyboardResponder.swift in Sources */ = {isa = PBXBuildFile; fileRef = D417051329E7FD6E008E1CCB /* KeyboardResponder.swift */; };
		D479637E29E457C3006B6A34 /* CustomTextField.swift in Sources */ = {isa = PBXBuildFile; fileRef = D479637D29E457C3006B6A34 /* CustomTextField.swift */; };
		D48D581929DFC65500259806 /* AppTestApp.swift in Sources */ = {isa = PBXBuildFile; fileRef = D48D581829DFC65500259806 /* AppTestApp.swift */; };
		D48D581B29DFC65500259806 /* ContentView.swift in Sources */ = {isa = PBXBuildFile; fileRef = D48D581A29DFC65500259806 /* ContentView.swift */; };
		D48D581D29DFC65A00259806 /* Assets.xcassets in Resources */ = {isa = PBXBuildFile; fileRef = D48D581C29DFC65A00259806 /* Assets.xcassets */; };
		D48D582029DFC65A00259806 /* Preview Assets.xcassets in Resources */ = {isa = PBXBuildFile; fileRef = D48D581F29DFC65A00259806 /* Preview Assets.xcassets */; };
		D48D582929DFF25800259806 /* CustomTabbarItem.swift in Sources */ = {isa = PBXBuildFile; fileRef = D48D582829DFF25800259806 /* CustomTabbarItem.swift */; };
		D48D583029DFFC5600259806 /* Colors.xcassets in Resources */ = {isa = PBXBuildFile; fileRef = D48D582F29DFFC5600259806 /* Colors.xcassets */; };
		D48D583629E0021100259806 /* swiftgen.yml in Resources */ = {isa = PBXBuildFile; fileRef = D48D583529E0021100259806 /* swiftgen.yml */; };
		D48D583F29E00DA900259806 /* XCAssets+Generated.swift in Sources */ = {isa = PBXBuildFile; fileRef = D48D583E29E00DA900259806 /* XCAssets+Generated.swift */; };
		D4CB35B529E515700075575D /* CustomCategoryItem.swift in Sources */ = {isa = PBXBuildFile; fileRef = D4CB35B429E515700075575D /* CustomCategoryItem.swift */; };
		D4CB35B729E51B400075575D /* CustomIcon.swift in Sources */ = {isa = PBXBuildFile; fileRef = D4CB35B629E51B400075575D /* CustomIcon.swift */; };
		D4CB35BA29E55BE80075575D /* CategoryItem.swift in Sources */ = {isa = PBXBuildFile; fileRef = D4CB35B929E55BE80075575D /* CategoryItem.swift */; };
		D4CB35BC29E55D2F0075575D /* InputViewModel.swift in Sources */ = {isa = PBXBuildFile; fileRef = D4CB35BB29E55D2F0075575D /* InputViewModel.swift */; };
		D4FB67B229E6AD350023E7FC /* ReportViewModel.swift in Sources */ = {isa = PBXBuildFile; fileRef = D4FB67B129E6AD350023E7FC /* ReportViewModel.swift */; };
/* End PBXBuildFile section */

/* Begin PBXFileReference section */
		4D7E58AF015E32C35B40D162 /* Pods_AppTest.framework */ = {isa = PBXFileReference; explicitFileType = wrapper.framework; includeInIndex = 0; path = Pods_AppTest.framework; sourceTree = BUILT_PRODUCTS_DIR; };
		9036B86B5931C66DEC5997C8 /* Pods-AppTest.debug.xcconfig */ = {isa = PBXFileReference; includeInIndex = 1; lastKnownFileType = text.xcconfig; name = "Pods-AppTest.debug.xcconfig"; path = "Target Support Files/Pods-AppTest/Pods-AppTest.debug.xcconfig"; sourceTree = "<group>"; };
		991BE97E681E29DC54105F30 /* Pods-AppTest.release.xcconfig */ = {isa = PBXFileReference; includeInIndex = 1; lastKnownFileType = text.xcconfig; name = "Pods-AppTest.release.xcconfig"; path = "Target Support Files/Pods-AppTest/Pods-AppTest.release.xcconfig"; sourceTree = "<group>"; };
		D40D345029E3A54F00AAD39B /* CustomTabbar.swift */ = {isa = PBXFileReference; lastKnownFileType = sourcecode.swift; path = CustomTabbar.swift; sourceTree = "<group>"; };
		D40D345329E3B63E00AAD39B /* InputView.swift */ = {isa = PBXFileReference; lastKnownFileType = sourcecode.swift; path = InputView.swift; sourceTree = "<group>"; };
		D40D345F29E3B70C00AAD39B /* MoreView.swift */ = {isa = PBXFileReference; lastKnownFileType = sourcecode.swift; path = MoreView.swift; sourceTree = "<group>"; };
		D40D346129E3E05700AAD39B /* CalendarView.swift */ = {isa = PBXFileReference; lastKnownFileType = sourcecode.swift; path = CalendarView.swift; sourceTree = "<group>"; };
		D40D346329E3E07F00AAD39B /* ReportView.swift */ = {isa = PBXFileReference; lastKnownFileType = sourcecode.swift; path = ReportView.swift; sourceTree = "<group>"; };
		D40D346629E3E3E300AAD39B /* CustomButton.swift */ = {isa = PBXFileReference; lastKnownFileType = sourcecode.swift; path = CustomButton.swift; sourceTree = "<group>"; };
		D40D346929E4046900AAD39B /* InputItemView.swift */ = {isa = PBXFileReference; lastKnownFileType = sourcecode.swift; path = InputItemView.swift; sourceTree = "<group>"; };
		D417050C29E7C027008E1CCB /* MoreViewModel.swift */ = {isa = PBXFileReference; lastKnownFileType = sourcecode.swift; path = MoreViewModel.swift; sourceTree = "<group>"; };
		D417050E29E7D664008E1CCB /* Country.swift */ = {isa = PBXFileReference; lastKnownFileType = sourcecode.swift; path = Country.swift; sourceTree = "<group>"; };
		D417051029E7FBCD008E1CCB /* UIApplication.swift */ = {isa = PBXFileReference; lastKnownFileType = sourcecode.swift; path = UIApplication.swift; sourceTree = "<group>"; };
		D417051329E7FD6E008E1CCB /* KeyboardResponder.swift */ = {isa = PBXFileReference; lastKnownFileType = sourcecode.swift; path = KeyboardResponder.swift; sourceTree = "<group>"; };
		D479637D29E457C3006B6A34 /* CustomTextField.swift */ = {isa = PBXFileReference; lastKnownFileType = sourcecode.swift; path = CustomTextField.swift; sourceTree = "<group>"; };
		D48D581529DFC65500259806 /* AppTest.app */ = {isa = PBXFileReference; explicitFileType = wrapper.application; includeInIndex = 0; path = AppTest.app; sourceTree = BUILT_PRODUCTS_DIR; };
		D48D581829DFC65500259806 /* AppTestApp.swift */ = {isa = PBXFileReference; lastKnownFileType = sourcecode.swift; path = AppTestApp.swift; sourceTree = "<group>"; };
		D48D581A29DFC65500259806 /* ContentView.swift */ = {isa = PBXFileReference; lastKnownFileType = sourcecode.swift; path = ContentView.swift; sourceTree = "<group>"; };
		D48D581C29DFC65A00259806 /* Assets.xcassets */ = {isa = PBXFileReference; lastKnownFileType = folder.assetcatalog; path = Assets.xcassets; sourceTree = "<group>"; };
		D48D581F29DFC65A00259806 /* Preview Assets.xcassets */ = {isa = PBXFileReference; lastKnownFileType = folder.assetcatalog; path = "Preview Assets.xcassets"; sourceTree = "<group>"; };
		D48D582829DFF25800259806 /* CustomTabbarItem.swift */ = {isa = PBXFileReference; lastKnownFileType = sourcecode.swift; path = CustomTabbarItem.swift; sourceTree = "<group>"; };
		D48D582F29DFFC5600259806 /* Colors.xcassets */ = {isa = PBXFileReference; lastKnownFileType = folder.assetcatalog; path = Colors.xcassets; sourceTree = "<group>"; };
		D48D583529E0021100259806 /* swiftgen.yml */ = {isa = PBXFileReference; fileEncoding = 4; lastKnownFileType = text.yaml; path = swiftgen.yml; sourceTree = "<group>"; };
		D48D583E29E00DA900259806 /* XCAssets+Generated.swift */ = {isa = PBXFileReference; fileEncoding = 4; lastKnownFileType = sourcecode.swift; path = "XCAssets+Generated.swift"; sourceTree = "<group>"; };
		D4CB35B429E515700075575D /* CustomCategoryItem.swift */ = {isa = PBXFileReference; lastKnownFileType = sourcecode.swift; path = CustomCategoryItem.swift; sourceTree = "<group>"; };
		D4CB35B629E51B400075575D /* CustomIcon.swift */ = {isa = PBXFileReference; lastKnownFileType = sourcecode.swift; path = CustomIcon.swift; sourceTree = "<group>"; };
		D4CB35B929E55BE80075575D /* CategoryItem.swift */ = {isa = PBXFileReference; lastKnownFileType = sourcecode.swift; path = CategoryItem.swift; sourceTree = "<group>"; };
		D4CB35BB29E55D2F0075575D /* InputViewModel.swift */ = {isa = PBXFileReference; lastKnownFileType = sourcecode.swift; path = InputViewModel.swift; sourceTree = "<group>"; };
		D4FB67B129E6AD350023E7FC /* ReportViewModel.swift */ = {isa = PBXFileReference; lastKnownFileType = sourcecode.swift; path = ReportViewModel.swift; sourceTree = "<group>"; };
/* End PBXFileReference section */

/* Begin PBXFrameworksBuildPhase section */
		D48D581229DFC65500259806 /* Frameworks */ = {
			isa = PBXFrameworksBuildPhase;
			buildActionMask = 2147483647;
			files = (
				2916A6AF8AA4C90EFE78D2E0 /* Pods_AppTest.framework in Frameworks */,
			);
			runOnlyForDeploymentPostprocessing = 0;
		};
/* End PBXFrameworksBuildPhase section */

/* Begin PBXGroup section */
		7401FCB04F815BE3F08801DB /* Pods */ = {
			isa = PBXGroup;
			children = (
				9036B86B5931C66DEC5997C8 /* Pods-AppTest.debug.xcconfig */,
				991BE97E681E29DC54105F30 /* Pods-AppTest.release.xcconfig */,
			);
			path = Pods;
			sourceTree = "<group>";
		};
		CE0D20E6A43987C8E3CEE5BE /* Frameworks */ = {
			isa = PBXGroup;
			children = (
				4D7E58AF015E32C35B40D162 /* Pods_AppTest.framework */,
			);
			name = Frameworks;
			sourceTree = "<group>";
		};
		D40D345229E3B62600AAD39B /* Input */ = {
			isa = PBXGroup;
			children = (
				D40D346829E4045500AAD39B /* View */,
				D40D345329E3B63E00AAD39B /* InputView.swift */,
				D4CB35BB29E55D2F0075575D /* InputViewModel.swift */,
			);
			path = Input;
			sourceTree = "<group>";
		};
		D40D345529E3B68600AAD39B /* Report */ = {
			isa = PBXGroup;
			children = (
				D40D346329E3E07F00AAD39B /* ReportView.swift */,
				D4FB67B129E6AD350023E7FC /* ReportViewModel.swift */,
			);
			path = Report;
			sourceTree = "<group>";
		};
		D40D345B29E3B6F200AAD39B /* Calendar */ = {
			isa = PBXGroup;
			children = (
				D40D346129E3E05700AAD39B /* CalendarView.swift */,
			);
			path = Calendar;
			sourceTree = "<group>";
		};
		D40D345C29E3B6F800AAD39B /* More */ = {
			isa = PBXGroup;
			children = (
				D40D345F29E3B70C00AAD39B /* MoreView.swift */,
				D417050C29E7C027008E1CCB /* MoreViewModel.swift */,
			);
			path = More;
			sourceTree = "<group>";
		};
		D40D346529E3E3D200AAD39B /* Components */ = {
			isa = PBXGroup;
			children = (
				D40D346629E3E3E300AAD39B /* CustomButton.swift */,
				D479637D29E457C3006B6A34 /* CustomTextField.swift */,
				D4CB35B629E51B400075575D /* CustomIcon.swift */,
				D417051029E7FBCD008E1CCB /* UIApplication.swift */,
			);
			path = Components;
			sourceTree = "<group>";
		};
		D40D346829E4045500AAD39B /* View */ = {
			isa = PBXGroup;
			children = (
				D40D346929E4046900AAD39B /* InputItemView.swift */,
				D4CB35B429E515700075575D /* CustomCategoryItem.swift */,
			);
			path = View;
			sourceTree = "<group>";
		};
		D48D580C29DFC65500259806 = {
			isa = PBXGroup;
			children = (
				D48D583529E0021100259806 /* swiftgen.yml */,
				D48D581729DFC65500259806 /* AppTest */,
				D48D581629DFC65500259806 /* Products */,
				7401FCB04F815BE3F08801DB /* Pods */,
				CE0D20E6A43987C8E3CEE5BE /* Frameworks */,
			);
			sourceTree = "<group>";
		};
		D48D581629DFC65500259806 /* Products */ = {
			isa = PBXGroup;
			children = (
				D48D581529DFC65500259806 /* AppTest.app */,
			);
			name = Products;
			sourceTree = "<group>";
		};
		D48D581729DFC65500259806 /* AppTest */ = {
			isa = PBXGroup;
			children = (
				D4CB35B829E55BDB0075575D /* Model */,
				D48D582C29DFFC2600259806 /* Resources */,
				D48D582629DFF22A00259806 /* View */,
				D4FB67B329E6B7560023E7FC /* App */,
				D48D581A29DFC65500259806 /* ContentView.swift */,
				D48D581E29DFC65A00259806 /* Preview Content */,
			);
			path = AppTest;
			sourceTree = "<group>";
		};
		D48D581E29DFC65A00259806 /* Preview Content */ = {
			isa = PBXGroup;
			children = (
				D48D581F29DFC65A00259806 /* Preview Assets.xcassets */,
			);
			path = "Preview Content";
			sourceTree = "<group>";
		};
		D48D582629DFF22A00259806 /* View */ = {
			isa = PBXGroup;
			children = (
				D40D346529E3E3D200AAD39B /* Components */,
				D40D345C29E3B6F800AAD39B /* More */,
				D40D345B29E3B6F200AAD39B /* Calendar */,
				D40D345529E3B68600AAD39B /* Report */,
				D40D345229E3B62600AAD39B /* Input */,
				D48D582729DFF23200259806 /* TabbarViewController */,
			);
			path = View;
			sourceTree = "<group>";
		};
		D48D582729DFF23200259806 /* TabbarViewController */ = {
			isa = PBXGroup;
			children = (
				D48D582829DFF25800259806 /* CustomTabbarItem.swift */,
				D40D345029E3A54F00AAD39B /* CustomTabbar.swift */,
			);
			path = TabbarViewController;
			sourceTree = "<group>";
		};
		D48D582C29DFFC2600259806 /* Resources */ = {
			isa = PBXGroup;
			children = (
				D48D583729E0034700259806 /* Generated */,
				D48D581C29DFC65A00259806 /* Assets.xcassets */,
				D48D582F29DFFC5600259806 /* Colors.xcassets */,
			);
			path = Resources;
			sourceTree = "<group>";
		};
		D48D583729E0034700259806 /* Generated */ = {
			isa = PBXGroup;
			children = (
				D48D583E29E00DA900259806 /* XCAssets+Generated.swift */,
			);
			path = Generated;
			sourceTree = "<group>";
		};
		D4CB35B829E55BDB0075575D /* Model */ = {
			isa = PBXGroup;
			children = (
				D4CB35B929E55BE80075575D /* CategoryItem.swift */,
				D417050E29E7D664008E1CCB /* Country.swift */,
			);
			path = Model;
			sourceTree = "<group>";
		};
		D4FB67B329E6B7560023E7FC /* App */ = {
			isa = PBXGroup;
			children = (
				D48D581829DFC65500259806 /* AppTestApp.swift */,
				D417051329E7FD6E008E1CCB /* KeyboardResponder.swift */,
			);
			path = App;
			sourceTree = "<group>";
		};
/* End PBXGroup section */

/* Begin PBXNativeTarget section */
		D48D581429DFC65500259806 /* AppTest */ = {
			isa = PBXNativeTarget;
			buildConfigurationList = D48D582329DFC65A00259806 /* Build configuration list for PBXNativeTarget "AppTest" */;
			buildPhases = (
				D9C0F6373115FBD3D556D811 /* [CP] Check Pods Manifest.lock */,
				D48D581129DFC65500259806 /* Sources */,
				D48D581229DFC65500259806 /* Frameworks */,
				D48D581329DFC65500259806 /* Resources */,
				D48D583229DFFD8000259806 /* SwiftGen */,
			);
			buildRules = (
			);
			dependencies = (
			);
			name = AppTest;
			productName = AppTest;
			productReference = D48D581529DFC65500259806 /* AppTest.app */;
			productType = "com.apple.product-type.application";
		};
/* End PBXNativeTarget section */

/* Begin PBXProject section */
		D48D580D29DFC65500259806 /* Project object */ = {
			isa = PBXProject;
			attributes = {
				BuildIndependentTargetsInParallel = 1;
				LastSwiftUpdateCheck = 1420;
				LastUpgradeCheck = 1420;
				TargetAttributes = {
					D48D581429DFC65500259806 = {
						CreatedOnToolsVersion = 14.2;
					};
				};
			};
			buildConfigurationList = D48D581029DFC65500259806 /* Build configuration list for PBXProject "AppTest" */;
			compatibilityVersion = "Xcode 14.0";
			developmentRegion = en;
			hasScannedForEncodings = 0;
			knownRegions = (
				en,
				Base,
			);
			mainGroup = D48D580C29DFC65500259806;
			productRefGroup = D48D581629DFC65500259806 /* Products */;
			projectDirPath = "";
			projectRoot = "";
			targets = (
				D48D581429DFC65500259806 /* AppTest */,
			);
		};
/* End PBXProject section */

/* Begin PBXResourcesBuildPhase section */
		D48D581329DFC65500259806 /* Resources */ = {
			isa = PBXResourcesBuildPhase;
			buildActionMask = 2147483647;
			files = (
				D48D582029DFC65A00259806 /* Preview Assets.xcassets in Resources */,
				D48D583029DFFC5600259806 /* Colors.xcassets in Resources */,
				D48D581D29DFC65A00259806 /* Assets.xcassets in Resources */,
				D48D583629E0021100259806 /* swiftgen.yml in Resources */,
			);
			runOnlyForDeploymentPostprocessing = 0;
		};
/* End PBXResourcesBuildPhase section */

/* Begin PBXShellScriptBuildPhase section */
		D48D583229DFFD8000259806 /* SwiftGen */ = {
			isa = PBXShellScriptBuildPhase;
			buildActionMask = 2147483647;
			files = (
			);
			inputFileListPaths = (
			);
			inputPaths = (
			);
			name = SwiftGen;
			outputFileListPaths = (
			);
			outputPaths = (
			);
			runOnlyForDeploymentPostprocessing = 0;
			shellPath = /bin/sh;
			shellScript = "if [[ -f \"${PODS_ROOT}/SwiftGen/bin/swiftgen\" ]]; then\n  \"${PODS_ROOT}/SwiftGen/bin/swiftgen\"\nelse\n  echo \"warning: SwiftGen is not installed. Run 'pod install --repo-update' to install it.\"\nfi \n";
		};
		D9C0F6373115FBD3D556D811 /* [CP] Check Pods Manifest.lock */ = {
			isa = PBXShellScriptBuildPhase;
			buildActionMask = 2147483647;
			files = (
			);
			inputFileListPaths = (
			);
			inputPaths = (
				"${PODS_PODFILE_DIR_PATH}/Podfile.lock",
				"${PODS_ROOT}/Manifest.lock",
			);
			name = "[CP] Check Pods Manifest.lock";
			outputFileListPaths = (
			);
			outputPaths = (
				"$(DERIVED_FILE_DIR)/Pods-AppTest-checkManifestLockResult.txt",
			);
			runOnlyForDeploymentPostprocessing = 0;
			shellPath = /bin/sh;
			shellScript = "diff \"${PODS_PODFILE_DIR_PATH}/Podfile.lock\" \"${PODS_ROOT}/Manifest.lock\" > /dev/null\nif [ $? != 0 ] ; then\n    # print error to STDERR\n    echo \"error: The sandbox is not in sync with the Podfile.lock. Run 'pod install' or update your CocoaPods installation.\" >&2\n    exit 1\nfi\n# This output is used by Xcode 'outputs' to avoid re-running this script phase.\necho \"SUCCESS\" > \"${SCRIPT_OUTPUT_FILE_0}\"\n";
			showEnvVarsInLog = 0;
		};
/* End PBXShellScriptBuildPhase section */

/* Begin PBXSourcesBuildPhase section */
		D48D581129DFC65500259806 /* Sources */ = {
			isa = PBXSourcesBuildPhase;
			buildActionMask = 2147483647;
			files = (
				D48D582929DFF25800259806 /* CustomTabbarItem.swift in Sources */,
				D40D346029E3B70C00AAD39B /* MoreView.swift in Sources */,
				D417051429E7FD6E008E1CCB /* KeyboardResponder.swift in Sources */,
				D40D345129E3A54F00AAD39B /* CustomTabbar.swift in Sources */,
				D48D581B29DFC65500259806 /* ContentView.swift in Sources */,
				D40D346729E3E3E300AAD39B /* CustomButton.swift in Sources */,
				D40D345429E3B63E00AAD39B /* InputView.swift in Sources */,
				D40D346429E3E07F00AAD39B /* ReportView.swift in Sources */,
				D417050F29E7D664008E1CCB /* Country.swift in Sources */,
				D417051129E7FBCD008E1CCB /* UIApplication.swift in Sources */,
				D40D346229E3E05700AAD39B /* CalendarView.swift in Sources */,
				D4FB67B229E6AD350023E7FC /* ReportViewModel.swift in Sources */,
				D479637E29E457C3006B6A34 /* CustomTextField.swift in Sources */,
				D48D581929DFC65500259806 /* AppTestApp.swift in Sources */,
				D40D346A29E4046900AAD39B /* InputItemView.swift in Sources */,
				D4CB35BC29E55D2F0075575D /* InputViewModel.swift in Sources */,
				D4CB35BA29E55BE80075575D /* CategoryItem.swift in Sources */,
				D4CB35B529E515700075575D /* CustomCategoryItem.swift in Sources */,
				D48D583F29E00DA900259806 /* XCAssets+Generated.swift in Sources */,
				D4CB35B729E51B400075575D /* CustomIcon.swift in Sources */,
				D417050D29E7C027008E1CCB /* MoreViewModel.swift in Sources */,
			);
			runOnlyForDeploymentPostprocessing = 0;
		};
/* End PBXSourcesBuildPhase section */

/* Begin XCBuildConfiguration section */
		D48D582129DFC65A00259806 /* Debug */ = {
			isa = XCBuildConfiguration;
			buildSettings = {
				ALWAYS_SEARCH_USER_PATHS = NO;
				CLANG_ANALYZER_NONNULL = YES;
				CLANG_ANALYZER_NUMBER_OBJECT_CONVERSION = YES_AGGRESSIVE;
				CLANG_CXX_LANGUAGE_STANDARD = "gnu++20";
				CLANG_ENABLE_MODULES = YES;
				CLANG_ENABLE_OBJC_ARC = YES;
				CLANG_ENABLE_OBJC_WEAK = YES;
				CLANG_WARN_BLOCK_CAPTURE_AUTORELEASING = YES;
				CLANG_WARN_BOOL_CONVERSION = YES;
				CLANG_WARN_COMMA = YES;
				CLANG_WARN_CONSTANT_CONVERSION = YES;
				CLANG_WARN_DEPRECATED_OBJC_IMPLEMENTATIONS = YES;
				CLANG_WARN_DIRECT_OBJC_ISA_USAGE = YES_ERROR;
				CLANG_WARN_DOCUMENTATION_COMMENTS = YES;
				CLANG_WARN_EMPTY_BODY = YES;
				CLANG_WARN_ENUM_CONVERSION = YES;
				CLANG_WARN_INFINITE_RECURSION = YES;
				CLANG_WARN_INT_CONVERSION = YES;
				CLANG_WARN_NON_LITERAL_NULL_CONVERSION = YES;
				CLANG_WARN_OBJC_IMPLICIT_RETAIN_SELF = YES;
				CLANG_WARN_OBJC_LITERAL_CONVERSION = YES;
				CLANG_WARN_OBJC_ROOT_CLASS = YES_ERROR;
				CLANG_WARN_QUOTED_INCLUDE_IN_FRAMEWORK_HEADER = YES;
				CLANG_WARN_RANGE_LOOP_ANALYSIS = YES;
				CLANG_WARN_STRICT_PROTOTYPES = YES;
				CLANG_WARN_SUSPICIOUS_MOVE = YES;
				CLANG_WARN_UNGUARDED_AVAILABILITY = YES_AGGRESSIVE;
				CLANG_WARN_UNREACHABLE_CODE = YES;
				CLANG_WARN__DUPLICATE_METHOD_MATCH = YES;
				COPY_PHASE_STRIP = NO;
				DEBUG_INFORMATION_FORMAT = dwarf;
				ENABLE_STRICT_OBJC_MSGSEND = YES;
				ENABLE_TESTABILITY = YES;
				GCC_C_LANGUAGE_STANDARD = gnu11;
				GCC_DYNAMIC_NO_PIC = NO;
				GCC_NO_COMMON_BLOCKS = YES;
				GCC_OPTIMIZATION_LEVEL = 0;
				GCC_PREPROCESSOR_DEFINITIONS = (
					"DEBUG=1",
					"$(inherited)",
				);
				GCC_WARN_64_TO_32_BIT_CONVERSION = YES;
				GCC_WARN_ABOUT_RETURN_TYPE = YES_ERROR;
				GCC_WARN_UNDECLARED_SELECTOR = YES;
				GCC_WARN_UNINITIALIZED_AUTOS = YES_AGGRESSIVE;
				GCC_WARN_UNUSED_FUNCTION = YES;
				GCC_WARN_UNUSED_VARIABLE = YES;
				IPHONEOS_DEPLOYMENT_TARGET = 16.2;
				MTL_ENABLE_DEBUG_INFO = INCLUDE_SOURCE;
				MTL_FAST_MATH = YES;
				ONLY_ACTIVE_ARCH = YES;
				SDKROOT = iphoneos;
				SWIFT_ACTIVE_COMPILATION_CONDITIONS = DEBUG;
				SWIFT_OPTIMIZATION_LEVEL = "-Onone";
			};
			name = Debug;
		};
		D48D582229DFC65A00259806 /* Release */ = {
			isa = XCBuildConfiguration;
			buildSettings = {
				ALWAYS_SEARCH_USER_PATHS = NO;
				CLANG_ANALYZER_NONNULL = YES;
				CLANG_ANALYZER_NUMBER_OBJECT_CONVERSION = YES_AGGRESSIVE;
				CLANG_CXX_LANGUAGE_STANDARD = "gnu++20";
				CLANG_ENABLE_MODULES = YES;
				CLANG_ENABLE_OBJC_ARC = YES;
				CLANG_ENABLE_OBJC_WEAK = YES;
				CLANG_WARN_BLOCK_CAPTURE_AUTORELEASING = YES;
				CLANG_WARN_BOOL_CONVERSION = YES;
				CLANG_WARN_COMMA = YES;
				CLANG_WARN_CONSTANT_CONVERSION = YES;
				CLANG_WARN_DEPRECATED_OBJC_IMPLEMENTATIONS = YES;
				CLANG_WARN_DIRECT_OBJC_ISA_USAGE = YES_ERROR;
				CLANG_WARN_DOCUMENTATION_COMMENTS = YES;
				CLANG_WARN_EMPTY_BODY = YES;
				CLANG_WARN_ENUM_CONVERSION = YES;
				CLANG_WARN_INFINITE_RECURSION = YES;
				CLANG_WARN_INT_CONVERSION = YES;
				CLANG_WARN_NON_LITERAL_NULL_CONVERSION = YES;
				CLANG_WARN_OBJC_IMPLICIT_RETAIN_SELF = YES;
				CLANG_WARN_OBJC_LITERAL_CONVERSION = YES;
				CLANG_WARN_OBJC_ROOT_CLASS = YES_ERROR;
				CLANG_WARN_QUOTED_INCLUDE_IN_FRAMEWORK_HEADER = YES;
				CLANG_WARN_RANGE_LOOP_ANALYSIS = YES;
				CLANG_WARN_STRICT_PROTOTYPES = YES;
				CLANG_WARN_SUSPICIOUS_MOVE = YES;
				CLANG_WARN_UNGUARDED_AVAILABILITY = YES_AGGRESSIVE;
				CLANG_WARN_UNREACHABLE_CODE = YES;
				CLANG_WARN__DUPLICATE_METHOD_MATCH = YES;
				COPY_PHASE_STRIP = NO;
				DEBUG_INFORMATION_FORMAT = "dwarf-with-dsym";
				ENABLE_NS_ASSERTIONS = NO;
				ENABLE_STRICT_OBJC_MSGSEND = YES;
				GCC_C_LANGUAGE_STANDARD = gnu11;
				GCC_NO_COMMON_BLOCKS = YES;
				GCC_WARN_64_TO_32_BIT_CONVERSION = YES;
				GCC_WARN_ABOUT_RETURN_TYPE = YES_ERROR;
				GCC_WARN_UNDECLARED_SELECTOR = YES;
				GCC_WARN_UNINITIALIZED_AUTOS = YES_AGGRESSIVE;
				GCC_WARN_UNUSED_FUNCTION = YES;
				GCC_WARN_UNUSED_VARIABLE = YES;
				IPHONEOS_DEPLOYMENT_TARGET = 16.2;
				MTL_ENABLE_DEBUG_INFO = NO;
				MTL_FAST_MATH = YES;
				SDKROOT = iphoneos;
				SWIFT_COMPILATION_MODE = wholemodule;
				SWIFT_OPTIMIZATION_LEVEL = "-O";
				VALIDATE_PRODUCT = YES;
			};
			name = Release;
		};
		D48D582429DFC65A00259806 /* Debug */ = {
			isa = XCBuildConfiguration;
			baseConfigurationReference = 9036B86B5931C66DEC5997C8 /* Pods-AppTest.debug.xcconfig */;
			buildSettings = {
				ASSETCATALOG_COMPILER_GLOBAL_ACCENT_COLOR_NAME = AccentColor;
				"CODE_SIGN_IDENTITY[sdk=iphoneos*]" = "iPhone Developer";
				CODE_SIGN_STYLE = Manual;
				CURRENT_PROJECT_VERSION = 1;
				DEVELOPMENT_ASSET_PATHS = "\"AppTest/Preview Content\"";
				DEVELOPMENT_TEAM = "";
				"DEVELOPMENT_TEAM[sdk=iphoneos*]" = P3NCHL3A68;
				ENABLE_PREVIEWS = YES;
				GENERATE_INFOPLIST_FILE = YES;
				INFOPLIST_KEY_UIApplicationSceneManifest_Generation = YES;
				INFOPLIST_KEY_UIApplicationSupportsIndirectInputEvents = YES;
				INFOPLIST_KEY_UILaunchScreen_Generation = YES;
				INFOPLIST_KEY_UISupportedInterfaceOrientations_iPad = "UIInterfaceOrientationPortrait UIInterfaceOrientationPortraitUpsideDown UIInterfaceOrientationLandscapeLeft UIInterfaceOrientationLandscapeRight";
				INFOPLIST_KEY_UISupportedInterfaceOrientations_iPhone = "UIInterfaceOrientationPortrait UIInterfaceOrientationLandscapeLeft UIInterfaceOrientationLandscapeRight";
				IPHONEOS_DEPLOYMENT_TARGET = 14.0;
				LD_RUNPATH_SEARCH_PATHS = (
					"$(inherited)",
					"@executable_path/Frameworks",
				);
				MARKETING_VERSION = 1.0;
				PRODUCT_BUNDLE_IDENTIFIER = com.nuddg.ios.staging;
				PRODUCT_NAME = "$(TARGET_NAME)";
				PROVISIONING_PROFILE_SPECIFIER = "";
				"PROVISIONING_PROFILE_SPECIFIER[sdk=iphoneos*]" = nuddg_ios_development;
				SWIFT_EMIT_LOC_STRINGS = YES;
				SWIFT_VERSION = 5.0;
				TARGETED_DEVICE_FAMILY = "1,2";
			};
			name = Debug;
		};
		D48D582529DFC65A00259806 /* Release */ = {
			isa = XCBuildConfiguration;
			baseConfigurationReference = 991BE97E681E29DC54105F30 /* Pods-AppTest.release.xcconfig */;
			buildSettings = {
				ASSETCATALOG_COMPILER_GLOBAL_ACCENT_COLOR_NAME = AccentColor;
				"CODE_SIGN_IDENTITY[sdk=iphoneos*]" = "iPhone Developer";
				CODE_SIGN_STYLE = Manual;
				CURRENT_PROJECT_VERSION = 1;
				DEVELOPMENT_ASSET_PATHS = "\"AppTest/Preview Content\"";
				DEVELOPMENT_TEAM = "";
				"DEVELOPMENT_TEAM[sdk=iphoneos*]" = P3NCHL3A68;
				ENABLE_PREVIEWS = YES;
				GENERATE_INFOPLIST_FILE = YES;
				INFOPLIST_KEY_UIApplicationSceneManifest_Generation = YES;
				INFOPLIST_KEY_UIApplicationSupportsIndirectInputEvents = YES;
				INFOPLIST_KEY_UILaunchScreen_Generation = YES;
				INFOPLIST_KEY_UISupportedInterfaceOrientations_iPad = "UIInterfaceOrientationPortrait UIInterfaceOrientationPortraitUpsideDown UIInterfaceOrientationLandscapeLeft UIInterfaceOrientationLandscapeRight";
				INFOPLIST_KEY_UISupportedInterfaceOrientations_iPhone = "UIInterfaceOrientationPortrait UIInterfaceOrientationLandscapeLeft UIInterfaceOrientationLandscapeRight";
				IPHONEOS_DEPLOYMENT_TARGET = 14.0;
				LD_RUNPATH_SEARCH_PATHS = (
					"$(inherited)",
					"@executable_path/Frameworks",
				);
				MARKETING_VERSION = 1.0;
				PRODUCT_BUNDLE_IDENTIFIER = com.nuddg.ios.staging;
				PRODUCT_NAME = "$(TARGET_NAME)";
				PROVISIONING_PROFILE_SPECIFIER = "";
				"PROVISIONING_PROFILE_SPECIFIER[sdk=iphoneos*]" = nuddg_ios_development;
				SWIFT_EMIT_LOC_STRINGS = YES;
				SWIFT_VERSION = 5.0;
				TARGETED_DEVICE_FAMILY = "1,2";
			};
			name = Release;
		};
/* End XCBuildConfiguration section */

/* Begin XCConfigurationList section */
		D48D581029DFC65500259806 /* Build configuration list for PBXProject "AppTest" */ = {
			isa = XCConfigurationList;
			buildConfigurations = (
				D48D582129DFC65A00259806 /* Debug */,
				D48D582229DFC65A00259806 /* Release */,
			);
			defaultConfigurationIsVisible = 0;
			defaultConfigurationName = Release;
		};
		D48D582329DFC65A00259806 /* Build configuration list for PBXNativeTarget "AppTest" */ = {
			isa = XCConfigurationList;
			buildConfigurations = (
				D48D582429DFC65A00259806 /* Debug */,
				D48D582529DFC65A00259806 /* Release */,
			);
			defaultConfigurationIsVisible = 0;
			defaultConfigurationName = Release;
		};
/* End XCConfigurationList section */
	};
	rootObject = D48D580D29DFC65500259806 /* Project object */;
}
