// !$*UTF8*$!
{
	archiveVersion = 1;
	classes = {
	};
	objectVersion = 56;
	objects = {

/* Begin PBXBuildFile section */
		2916A6AF8AA4C90EFE78D2E0 /* Pods_AppTest.framework in Frameworks */ = {isa = PBXBuildFile; fileRef = 4D7E58AF015E32C35B40D162 /* Pods_AppTest.framework */; };
		D40D345129E3A54F00AAD39B /* CustomTabbar.swift in Sources */ = {isa = PBXBuildFile; fileRef = D40D345029E3A54F00AAD39B /* CustomTabbar.swift */; };
		D40D345429E3B63E00AAD39B /* InputView.swift in Sources */ = {isa = PBXBuildFile; fileRef = D40D345329E3B63E00AAD39B /* InputView.swift */; };
		D40D346029E3B70C00AAD39B /* MoreView.swift in Sources */ = {isa = PBXBuildFile; fileRef = D40D345F29E3B70C00AAD39B /* MoreView.swift */; };
		D40D346229E3E05700AAD39B /* CalendarView.swift in Sources */ = {isa = PBXBuildFile; fileRef = D40D346129E3E05700AAD39B /* CalendarView.swift */; };
		D40D346429E3E07F00AAD39B /* ReportView.swift in Sources */ = {isa = PBXBuildFile; fileRef = D40D346329E3E07F00AAD39B /* ReportView.swift */; };
		D40D346729E3E3E300AAD39B /* CustomButton.swift in Sources */ = {isa = PBXBuildFile; fileRef = D40D346629E3E3E300AAD39B /* CustomButton.swift */; };
		D40D346A29E4046900AAD39B /* InputItemView.swift in Sources */ = {isa = PBXBuildFile; fileRef = D40D346929E4046900AAD39B /* InputItemView.swift */; };
		D417050D29E7C027008E1CCB /* MoreViewModel.swift in Sources */ = {isa = PBXBuildFile; fileRef = D417050C29E7C027008E1CCB /* MoreViewModel.swift */; };
		D417050F29E7D664008E1CCB /* Country.swift in Sources */ = {isa = PBXBuildFile; fileRef = D417050E29E7D664008E1CCB /* Country.swift */; };
		D417051129E7FBCD008E1CCB /* UIApplication.swift in Sources */ = {isa = PBXBuildFile; fileRef = D417051029E7FBCD008E1CCB /* UIApplication.swift */; };
		D417051429E7FD6E008E1CCB /* KeyboardResponder.swift in Sources */ = {isa = PBXBuildFile; fileRef = D417051329E7FD6E008E1CCB /* KeyboardResponder.swift */; };
		D43B33A12A288C51005FB7FF /* TabItemView.swift in Sources */ = {isa = PBXBuildFile; fileRef = D43B33A02A288C50005FB7FF /* TabItemView.swift */; };
		D43B33AE2A288CFE005FB7FF /* MainRouter.swift in Sources */ = {isa = PBXBuildFile; fileRef = D43B33AA2A288CFE005FB7FF /* MainRouter.swift */; };
		D43B33AF2A288CFE005FB7FF /* MainViewFactory.swift in Sources */ = {isa = PBXBuildFile; fileRef = D43B33AB2A288CFE005FB7FF /* MainViewFactory.swift */; };
		D43B33B02A288CFE005FB7FF /* MainView.swift in Sources */ = {isa = PBXBuildFile; fileRef = D43B33AC2A288CFE005FB7FF /* MainView.swift */; };
		D43B33B12A288CFE005FB7FF /* MainViewModel.swift in Sources */ = {isa = PBXBuildFile; fileRef = D43B33AD2A288CFE005FB7FF /* MainViewModel.swift */; };
		D43B33B32A288FB8005FB7FF /* AppState.swift in Sources */ = {isa = PBXBuildFile; fileRef = D43B33B22A288FB8005FB7FF /* AppState.swift */; };
		D43B33B62A28A2DB005FB7FF /* Coordinator in Frameworks */ = {isa = PBXBuildFile; productRef = D43B33B52A28A2DB005FB7FF /* Coordinator */; };
		D479637E29E457C3006B6A34 /* CustomTextField.swift in Sources */ = {isa = PBXBuildFile; fileRef = D479637D29E457C3006B6A34 /* CustomTextField.swift */; };
		D48D581929DFC65500259806 /* AppTestApp.swift in Sources */ = {isa = PBXBuildFile; fileRef = D48D581829DFC65500259806 /* AppTestApp.swift */; };
		D48D581B29DFC65500259806 /* ContentView.swift in Sources */ = {isa = PBXBuildFile; fileRef = D48D581A29DFC65500259806 /* ContentView.swift */; };
		D48D581D29DFC65A00259806 /* Assets.xcassets in Resources */ = {isa = PBXBuildFile; fileRef = D48D581C29DFC65A00259806 /* Assets.xcassets */; };
		D48D582029DFC65A00259806 /* Preview Assets.xcassets in Resources */ = {isa = PBXBuildFile; fileRef = D48D581F29DFC65A00259806 /* Preview Assets.xcassets */; };
		D48D582929DFF25800259806 /* CustomTabbarItem.swift in Sources */ = {isa = PBXBuildFile; fileRef = D48D582829DFF25800259806 /* CustomTabbarItem.swift */; };
		D48D583029DFFC5600259806 /* Colors.xcassets in Resources */ = {isa = PBXBuildFile; fileRef = D48D582F29DFFC5600259806 /* Colors.xcassets */; };
		D48D583629E0021100259806 /* swiftgen.yml in Resources */ = {isa = PBXBuildFile; fileRef = D48D583529E0021100259806 /* swiftgen.yml */; };
		D48D583F29E00DA900259806 /* XCAssets+Generated.swift in Sources */ = {isa = PBXBuildFile; fileRef = D48D583E29E00DA900259806 /* XCAssets+Generated.swift */; };
		D49F0A1129ECFD1C00723CA2 /* User.swift in Sources */ = {isa = PBXBuildFile; fileRef = D49F0A1029ECFD1C00723CA2 /* User.swift */; };
		D49F0A1429ED1D2600723CA2 /* WaterfallGrid in Frameworks */ = {isa = PBXBuildFile; productRef = D49F0A1329ED1D2600723CA2 /* WaterfallGrid */; };
		D49F0A1A29ED2DAF00723CA2 /* CustomUserCardView.swift in Sources */ = {isa = PBXBuildFile; fileRef = D49F0A1929ED2DAF00723CA2 /* CustomUserCardView.swift */; };
		D49F0A1C29ED36B200723CA2 /* UserDetailView.swift in Sources */ = {isa = PBXBuildFile; fileRef = D49F0A1B29ED36B200723CA2 /* UserDetailView.swift */; };
		D4B12D6D29E8F52000BE4813 /* CustomHeaderTabbar.swift in Sources */ = {isa = PBXBuildFile; fileRef = D4B12D6C29E8F52000BE4813 /* CustomHeaderTabbar.swift */; };
		D4B12D6F29E8F9C800BE4813 /* HeaderTabbarItem.swift in Sources */ = {isa = PBXBuildFile; fileRef = D4B12D6E29E8F9C800BE4813 /* HeaderTabbarItem.swift */; };
		D4B12D7729E933FB00BE4813 /* DatePickerView.swift in Sources */ = {isa = PBXBuildFile; fileRef = D4B12D7629E933FB00BE4813 /* DatePickerView.swift */; };
		D4B12D7929E944BF00BE4813 /* DatePickerTextField.swift in Sources */ = {isa = PBXBuildFile; fileRef = D4B12D7829E944BF00BE4813 /* DatePickerTextField.swift */; };
		D4BF9BA62A28A8E600D4B4EF /* TaskRouter.swift in Sources */ = {isa = PBXBuildFile; fileRef = D4BF9BA22A28A8E600D4B4EF /* TaskRouter.swift */; };
		D4BF9BA72A28A8E600D4B4EF /* TaskViewFactory.swift in Sources */ = {isa = PBXBuildFile; fileRef = D4BF9BA32A28A8E600D4B4EF /* TaskViewFactory.swift */; };
		D4BF9BA82A28A8E600D4B4EF /* TaskView.swift in Sources */ = {isa = PBXBuildFile; fileRef = D4BF9BA42A28A8E600D4B4EF /* TaskView.swift */; };
		D4BF9BA92A28A8E600D4B4EF /* TaskViewModel.swift in Sources */ = {isa = PBXBuildFile; fileRef = D4BF9BA52A28A8E600D4B4EF /* TaskViewModel.swift */; };
		D4BF9BAF2A28A90200D4B4EF /* ChatRouter.swift in Sources */ = {isa = PBXBuildFile; fileRef = D4BF9BAB2A28A90200D4B4EF /* ChatRouter.swift */; };
		D4BF9BB02A28A90200D4B4EF /* ChatViewFactory.swift in Sources */ = {isa = PBXBuildFile; fileRef = D4BF9BAC2A28A90200D4B4EF /* ChatViewFactory.swift */; };
		D4BF9BB12A28A90200D4B4EF /* ChatView.swift in Sources */ = {isa = PBXBuildFile; fileRef = D4BF9BAD2A28A90200D4B4EF /* ChatView.swift */; };
		D4BF9BB22A28A90200D4B4EF /* ChatViewModel.swift in Sources */ = {isa = PBXBuildFile; fileRef = D4BF9BAE2A28A90200D4B4EF /* ChatViewModel.swift */; };
		D4BF9BB82A28A92700D4B4EF /* NotificationRouter.swift in Sources */ = {isa = PBXBuildFile; fileRef = D4BF9BB42A28A92700D4B4EF /* NotificationRouter.swift */; };
		D4BF9BB92A28A92700D4B4EF /* NotificationViewFactory.swift in Sources */ = {isa = PBXBuildFile; fileRef = D4BF9BB52A28A92700D4B4EF /* NotificationViewFactory.swift */; };
		D4BF9BBA2A28A92700D4B4EF /* NotificationView.swift in Sources */ = {isa = PBXBuildFile; fileRef = D4BF9BB62A28A92700D4B4EF /* NotificationView.swift */; };
		D4BF9BBB2A28A92700D4B4EF /* NotificationViewModel.swift in Sources */ = {isa = PBXBuildFile; fileRef = D4BF9BB72A28A92700D4B4EF /* NotificationViewModel.swift */; };
		D4BF9BC12A28A95200D4B4EF /* ProfileRouter.swift in Sources */ = {isa = PBXBuildFile; fileRef = D4BF9BBD2A28A95200D4B4EF /* ProfileRouter.swift */; };
		D4BF9BC22A28A95200D4B4EF /* ProfileViewFactory.swift in Sources */ = {isa = PBXBuildFile; fileRef = D4BF9BBE2A28A95200D4B4EF /* ProfileViewFactory.swift */; };
		D4BF9BC32A28A95200D4B4EF /* ProfileView.swift in Sources */ = {isa = PBXBuildFile; fileRef = D4BF9BBF2A28A95200D4B4EF /* ProfileView.swift */; };
		D4BF9BC42A28A95200D4B4EF /* ProfileViewModel.swift in Sources */ = {isa = PBXBuildFile; fileRef = D4BF9BC02A28A95200D4B4EF /* ProfileViewModel.swift */; };
		D4CB35B529E515700075575D /* CustomCategoryItem.swift in Sources */ = {isa = PBXBuildFile; fileRef = D4CB35B429E515700075575D /* CustomCategoryItem.swift */; };
		D4CB35B729E51B400075575D /* CustomIcon.swift in Sources */ = {isa = PBXBuildFile; fileRef = D4CB35B629E51B400075575D /* CustomIcon.swift */; };
		D4CB35BA29E55BE80075575D /* CategoryItem.swift in Sources */ = {isa = PBXBuildFile; fileRef = D4CB35B929E55BE80075575D /* CategoryItem.swift */; };
		D4CB35BC29E55D2F0075575D /* InputViewModel.swift in Sources */ = {isa = PBXBuildFile; fileRef = D4CB35BB29E55D2F0075575D /* InputViewModel.swift */; };
		D4F832F82A298609001EBCC8 /* Strings+Generated.swift in Sources */ = {isa = PBXBuildFile; fileRef = D4F832F72A298608001EBCC8 /* Strings+Generated.swift */; };
		D4F832F92A2992B8001EBCC8 /* Localizable.strings in Resources */ = {isa = PBXBuildFile; fileRef = D4F832FB2A2992B8001EBCC8 /* Localizable.strings */; };
		D4F833062A29AA5C001EBCC8 /* Nunito-Medium.ttf in Resources */ = {isa = PBXBuildFile; fileRef = D4F832FD2A29AA5C001EBCC8 /* Nunito-Medium.ttf */; };
		D4F833072A29AA5C001EBCC8 /* Nunito-ExtraBold.ttf in Resources */ = {isa = PBXBuildFile; fileRef = D4F832FE2A29AA5C001EBCC8 /* Nunito-ExtraBold.ttf */; };
		D4F833082A29AA5C001EBCC8 /* Nunito-Light.ttf in Resources */ = {isa = PBXBuildFile; fileRef = D4F832FF2A29AA5C001EBCC8 /* Nunito-Light.ttf */; };
		D4F833092A29AA5C001EBCC8 /* Nunito-Regular.ttf in Resources */ = {isa = PBXBuildFile; fileRef = D4F833002A29AA5C001EBCC8 /* Nunito-Regular.ttf */; };
		D4F8330A2A29AA5C001EBCC8 /* Nunito-SemiBold.ttf in Resources */ = {isa = PBXBuildFile; fileRef = D4F833012A29AA5C001EBCC8 /* Nunito-SemiBold.ttf */; };
		D4F8330B2A29AA5C001EBCC8 /* Nunito-Bold.ttf in Resources */ = {isa = PBXBuildFile; fileRef = D4F833022A29AA5C001EBCC8 /* Nunito-Bold.ttf */; };
		D4F8330C2A29AA5C001EBCC8 /* Nunito-Black.ttf in Resources */ = {isa = PBXBuildFile; fileRef = D4F833032A29AA5C001EBCC8 /* Nunito-Black.ttf */; };
		D4F8330D2A29AA5C001EBCC8 /* Nunito-ExtraLight.ttf in Resources */ = {isa = PBXBuildFile; fileRef = D4F833042A29AA5C001EBCC8 /* Nunito-ExtraLight.ttf */; };
		D4F8330E2A29AA5C001EBCC8 /* SF-Pro-Text-Medium.otf in Resources */ = {isa = PBXBuildFile; fileRef = D4F833052A29AA5C001EBCC8 /* SF-Pro-Text-Medium.otf */; };
		D4F833102A29AA8C001EBCC8 /* Fonts+Generated.swift in Sources */ = {isa = PBXBuildFile; fileRef = D4F8330F2A29AA8C001EBCC8 /* Fonts+Generated.swift */; };
		D4FB67B229E6AD350023E7FC /* ReportViewModel.swift in Sources */ = {isa = PBXBuildFile; fileRef = D4FB67B129E6AD350023E7FC /* ReportViewModel.swift */; };
/* End PBXBuildFile section */

/* Begin PBXFileReference section */
		4D7E58AF015E32C35B40D162 /* Pods_AppTest.framework */ = {isa = PBXFileReference; explicitFileType = wrapper.framework; includeInIndex = 0; path = Pods_AppTest.framework; sourceTree = BUILT_PRODUCTS_DIR; };
		9036B86B5931C66DEC5997C8 /* Pods-AppTest.debug.xcconfig */ = {isa = PBXFileReference; includeInIndex = 1; lastKnownFileType = text.xcconfig; name = "Pods-AppTest.debug.xcconfig"; path = "Target Support Files/Pods-AppTest/Pods-AppTest.debug.xcconfig"; sourceTree = "<group>"; };
		991BE97E681E29DC54105F30 /* Pods-AppTest.release.xcconfig */ = {isa = PBXFileReference; includeInIndex = 1; lastKnownFileType = text.xcconfig; name = "Pods-AppTest.release.xcconfig"; path = "Target Support Files/Pods-AppTest/Pods-AppTest.release.xcconfig"; sourceTree = "<group>"; };
		D40D345029E3A54F00AAD39B /* CustomTabbar.swift */ = {isa = PBXFileReference; lastKnownFileType = sourcecode.swift; path = CustomTabbar.swift; sourceTree = "<group>"; };
		D40D345329E3B63E00AAD39B /* InputView.swift */ = {isa = PBXFileReference; lastKnownFileType = sourcecode.swift; path = InputView.swift; sourceTree = "<group>"; };
		D40D345F29E3B70C00AAD39B /* MoreView.swift */ = {isa = PBXFileReference; lastKnownFileType = sourcecode.swift; path = MoreView.swift; sourceTree = "<group>"; };
		D40D346129E3E05700AAD39B /* CalendarView.swift */ = {isa = PBXFileReference; lastKnownFileType = sourcecode.swift; path = CalendarView.swift; sourceTree = "<group>"; };
		D40D346329E3E07F00AAD39B /* ReportView.swift */ = {isa = PBXFileReference; lastKnownFileType = sourcecode.swift; path = ReportView.swift; sourceTree = "<group>"; };
		D40D346629E3E3E300AAD39B /* CustomButton.swift */ = {isa = PBXFileReference; lastKnownFileType = sourcecode.swift; path = CustomButton.swift; sourceTree = "<group>"; };
		D40D346929E4046900AAD39B /* InputItemView.swift */ = {isa = PBXFileReference; lastKnownFileType = sourcecode.swift; path = InputItemView.swift; sourceTree = "<group>"; };
		D417050C29E7C027008E1CCB /* MoreViewModel.swift */ = {isa = PBXFileReference; lastKnownFileType = sourcecode.swift; path = MoreViewModel.swift; sourceTree = "<group>"; };
		D417050E29E7D664008E1CCB /* Country.swift */ = {isa = PBXFileReference; lastKnownFileType = sourcecode.swift; path = Country.swift; sourceTree = "<group>"; };
		D417051029E7FBCD008E1CCB /* UIApplication.swift */ = {isa = PBXFileReference; lastKnownFileType = sourcecode.swift; path = UIApplication.swift; sourceTree = "<group>"; };
		D417051329E7FD6E008E1CCB /* KeyboardResponder.swift */ = {isa = PBXFileReference; lastKnownFileType = sourcecode.swift; path = KeyboardResponder.swift; sourceTree = "<group>"; };
		D43B33A02A288C50005FB7FF /* TabItemView.swift */ = {isa = PBXFileReference; lastKnownFileType = sourcecode.swift; path = TabItemView.swift; sourceTree = "<group>"; };
		D43B33AA2A288CFE005FB7FF /* MainRouter.swift */ = {isa = PBXFileReference; lastKnownFileType = sourcecode.swift; path = MainRouter.swift; sourceTree = "<group>"; };
		D43B33AB2A288CFE005FB7FF /* MainViewFactory.swift */ = {isa = PBXFileReference; lastKnownFileType = sourcecode.swift; path = MainViewFactory.swift; sourceTree = "<group>"; };
		D43B33AC2A288CFE005FB7FF /* MainView.swift */ = {isa = PBXFileReference; lastKnownFileType = sourcecode.swift; path = MainView.swift; sourceTree = "<group>"; };
		D43B33AD2A288CFE005FB7FF /* MainViewModel.swift */ = {isa = PBXFileReference; lastKnownFileType = sourcecode.swift; path = MainViewModel.swift; sourceTree = "<group>"; };
		D43B33B22A288FB8005FB7FF /* AppState.swift */ = {isa = PBXFileReference; lastKnownFileType = sourcecode.swift; path = AppState.swift; sourceTree = "<group>"; };
		D479637D29E457C3006B6A34 /* CustomTextField.swift */ = {isa = PBXFileReference; lastKnownFileType = sourcecode.swift; path = CustomTextField.swift; sourceTree = "<group>"; };
		D48D581529DFC65500259806 /* AppTest.app */ = {isa = PBXFileReference; explicitFileType = wrapper.application; includeInIndex = 0; path = AppTest.app; sourceTree = BUILT_PRODUCTS_DIR; };
		D48D581829DFC65500259806 /* AppTestApp.swift */ = {isa = PBXFileReference; lastKnownFileType = sourcecode.swift; path = AppTestApp.swift; sourceTree = "<group>"; };
		D48D581A29DFC65500259806 /* ContentView.swift */ = {isa = PBXFileReference; lastKnownFileType = sourcecode.swift; path = ContentView.swift; sourceTree = "<group>"; };
		D48D581C29DFC65A00259806 /* Assets.xcassets */ = {isa = PBXFileReference; lastKnownFileType = folder.assetcatalog; name = Assets.xcassets; path = /Users/tomosia/Documents/swift_workspace/AppTest/AppTest/Resources/Assets.xcassets; sourceTree = "<absolute>"; };
		D48D581F29DFC65A00259806 /* Preview Assets.xcassets */ = {isa = PBXFileReference; lastKnownFileType = folder.assetcatalog; path = "Preview Assets.xcassets"; sourceTree = "<group>"; };
		D48D582829DFF25800259806 /* CustomTabbarItem.swift */ = {isa = PBXFileReference; lastKnownFileType = sourcecode.swift; path = CustomTabbarItem.swift; sourceTree = "<group>"; };
		D48D582F29DFFC5600259806 /* Colors.xcassets */ = {isa = PBXFileReference; lastKnownFileType = folder.assetcatalog; path = Colors.xcassets; sourceTree = "<group>"; };
		D48D583529E0021100259806 /* swiftgen.yml */ = {isa = PBXFileReference; fileEncoding = 4; lastKnownFileType = text.yaml; path = swiftgen.yml; sourceTree = "<group>"; };
		D48D583E29E00DA900259806 /* XCAssets+Generated.swift */ = {isa = PBXFileReference; fileEncoding = 4; lastKnownFileType = sourcecode.swift; path = "XCAssets+Generated.swift"; sourceTree = "<group>"; };
		D49F0A1029ECFD1C00723CA2 /* User.swift */ = {isa = PBXFileReference; lastKnownFileType = sourcecode.swift; path = User.swift; sourceTree = "<group>"; };
		D49F0A1929ED2DAF00723CA2 /* CustomUserCardView.swift */ = {isa = PBXFileReference; lastKnownFileType = sourcecode.swift; path = CustomUserCardView.swift; sourceTree = "<group>"; };
		D49F0A1B29ED36B200723CA2 /* UserDetailView.swift */ = {isa = PBXFileReference; lastKnownFileType = sourcecode.swift; path = UserDetailView.swift; sourceTree = "<group>"; };
		D4B12D6C29E8F52000BE4813 /* CustomHeaderTabbar.swift */ = {isa = PBXFileReference; lastKnownFileType = sourcecode.swift; path = CustomHeaderTabbar.swift; sourceTree = "<group>"; };
		D4B12D6E29E8F9C800BE4813 /* HeaderTabbarItem.swift */ = {isa = PBXFileReference; lastKnownFileType = sourcecode.swift; path = HeaderTabbarItem.swift; sourceTree = "<group>"; };
		D4B12D7629E933FB00BE4813 /* DatePickerView.swift */ = {isa = PBXFileReference; lastKnownFileType = sourcecode.swift; path = DatePickerView.swift; sourceTree = "<group>"; };
		D4B12D7829E944BF00BE4813 /* DatePickerTextField.swift */ = {isa = PBXFileReference; lastKnownFileType = sourcecode.swift; path = DatePickerTextField.swift; sourceTree = "<group>"; };
		D4BF9BA22A28A8E600D4B4EF /* TaskRouter.swift */ = {isa = PBXFileReference; lastKnownFileType = sourcecode.swift; path = TaskRouter.swift; sourceTree = "<group>"; };
		D4BF9BA32A28A8E600D4B4EF /* TaskViewFactory.swift */ = {isa = PBXFileReference; lastKnownFileType = sourcecode.swift; path = TaskViewFactory.swift; sourceTree = "<group>"; };
		D4BF9BA42A28A8E600D4B4EF /* TaskView.swift */ = {isa = PBXFileReference; lastKnownFileType = sourcecode.swift; path = TaskView.swift; sourceTree = "<group>"; };
		D4BF9BA52A28A8E600D4B4EF /* TaskViewModel.swift */ = {isa = PBXFileReference; lastKnownFileType = sourcecode.swift; path = TaskViewModel.swift; sourceTree = "<group>"; };
		D4BF9BAB2A28A90200D4B4EF /* ChatRouter.swift */ = {isa = PBXFileReference; lastKnownFileType = sourcecode.swift; path = ChatRouter.swift; sourceTree = "<group>"; };
		D4BF9BAC2A28A90200D4B4EF /* ChatViewFactory.swift */ = {isa = PBXFileReference; lastKnownFileType = sourcecode.swift; path = ChatViewFactory.swift; sourceTree = "<group>"; };
		D4BF9BAD2A28A90200D4B4EF /* ChatView.swift */ = {isa = PBXFileReference; lastKnownFileType = sourcecode.swift; path = ChatView.swift; sourceTree = "<group>"; };
		D4BF9BAE2A28A90200D4B4EF /* ChatViewModel.swift */ = {isa = PBXFileReference; lastKnownFileType = sourcecode.swift; path = ChatViewModel.swift; sourceTree = "<group>"; };
		D4BF9BB42A28A92700D4B4EF /* NotificationRouter.swift */ = {isa = PBXFileReference; lastKnownFileType = sourcecode.swift; path = NotificationRouter.swift; sourceTree = "<group>"; };
		D4BF9BB52A28A92700D4B4EF /* NotificationViewFactory.swift */ = {isa = PBXFileReference; lastKnownFileType = sourcecode.swift; path = NotificationViewFactory.swift; sourceTree = "<group>"; };
		D4BF9BB62A28A92700D4B4EF /* NotificationView.swift */ = {isa = PBXFileReference; lastKnownFileType = sourcecode.swift; path = NotificationView.swift; sourceTree = "<group>"; };
		D4BF9BB72A28A92700D4B4EF /* NotificationViewModel.swift */ = {isa = PBXFileReference; lastKnownFileType = sourcecode.swift; path = NotificationViewModel.swift; sourceTree = "<group>"; };
		D4BF9BBD2A28A95200D4B4EF /* ProfileRouter.swift */ = {isa = PBXFileReference; lastKnownFileType = sourcecode.swift; path = ProfileRouter.swift; sourceTree = "<group>"; };
		D4BF9BBE2A28A95200D4B4EF /* ProfileViewFactory.swift */ = {isa = PBXFileReference; lastKnownFileType = sourcecode.swift; path = ProfileViewFactory.swift; sourceTree = "<group>"; };
		D4BF9BBF2A28A95200D4B4EF /* ProfileView.swift */ = {isa = PBXFileReference; lastKnownFileType = sourcecode.swift; path = ProfileView.swift; sourceTree = "<group>"; };
		D4BF9BC02A28A95200D4B4EF /* ProfileViewModel.swift */ = {isa = PBXFileReference; lastKnownFileType = sourcecode.swift; path = ProfileViewModel.swift; sourceTree = "<group>"; };
		D4CB35B429E515700075575D /* CustomCategoryItem.swift */ = {isa = PBXFileReference; lastKnownFileType = sourcecode.swift; path = CustomCategoryItem.swift; sourceTree = "<group>"; };
		D4CB35B629E51B400075575D /* CustomIcon.swift */ = {isa = PBXFileReference; lastKnownFileType = sourcecode.swift; path = CustomIcon.swift; sourceTree = "<group>"; };
		D4CB35B929E55BE80075575D /* CategoryItem.swift */ = {isa = PBXFileReference; lastKnownFileType = sourcecode.swift; path = CategoryItem.swift; sourceTree = "<group>"; };
		D4CB35BB29E55D2F0075575D /* InputViewModel.swift */ = {isa = PBXFileReference; lastKnownFileType = sourcecode.swift; path = InputViewModel.swift; sourceTree = "<group>"; };
		D4F832F72A298608001EBCC8 /* Strings+Generated.swift */ = {isa = PBXFileReference; lastKnownFileType = sourcecode.swift; path = "Strings+Generated.swift"; sourceTree = "<group>"; };
		D4F832FA2A2992B8001EBCC8 /* en */ = {isa = PBXFileReference; lastKnownFileType = text.plist.strings; name = en; path = en.lproj/Localizable.strings; sourceTree = "<group>"; };
		D4F832FD2A29AA5C001EBCC8 /* Nunito-Medium.ttf */ = {isa = PBXFileReference; lastKnownFileType = file; path = "Nunito-Medium.ttf"; sourceTree = "<group>"; };
		D4F832FE2A29AA5C001EBCC8 /* Nunito-ExtraBold.ttf */ = {isa = PBXFileReference; lastKnownFileType = file; path = "Nunito-ExtraBold.ttf"; sourceTree = "<group>"; };
		D4F832FF2A29AA5C001EBCC8 /* Nunito-Light.ttf */ = {isa = PBXFileReference; lastKnownFileType = file; path = "Nunito-Light.ttf"; sourceTree = "<group>"; };
		D4F833002A29AA5C001EBCC8 /* Nunito-Regular.ttf */ = {isa = PBXFileReference; lastKnownFileType = file; path = "Nunito-Regular.ttf"; sourceTree = "<group>"; };
		D4F833012A29AA5C001EBCC8 /* Nunito-SemiBold.ttf */ = {isa = PBXFileReference; lastKnownFileType = file; path = "Nunito-SemiBold.ttf"; sourceTree = "<group>"; };
		D4F833022A29AA5C001EBCC8 /* Nunito-Bold.ttf */ = {isa = PBXFileReference; lastKnownFileType = file; path = "Nunito-Bold.ttf"; sourceTree = "<group>"; };
		D4F833032A29AA5C001EBCC8 /* Nunito-Black.ttf */ = {isa = PBXFileReference; lastKnownFileType = file; path = "Nunito-Black.ttf"; sourceTree = "<group>"; };
		D4F833042A29AA5C001EBCC8 /* Nunito-ExtraLight.ttf */ = {isa = PBXFileReference; lastKnownFileType = file; path = "Nunito-ExtraLight.ttf"; sourceTree = "<group>"; };
		D4F833052A29AA5C001EBCC8 /* SF-Pro-Text-Medium.otf */ = {isa = PBXFileReference; lastKnownFileType = file; path = "SF-Pro-Text-Medium.otf"; sourceTree = "<group>"; };
		D4F8330F2A29AA8C001EBCC8 /* Fonts+Generated.swift */ = {isa = PBXFileReference; lastKnownFileType = sourcecode.swift; path = "Fonts+Generated.swift"; sourceTree = "<group>"; };
		D4FB67B129E6AD350023E7FC /* ReportViewModel.swift */ = {isa = PBXFileReference; lastKnownFileType = sourcecode.swift; path = ReportViewModel.swift; sourceTree = "<group>"; };
/* End PBXFileReference section */

/* Begin PBXFrameworksBuildPhase section */
		D48D581229DFC65500259806 /* Frameworks */ = {
			isa = PBXFrameworksBuildPhase;
			buildActionMask = 2147483647;
			files = (
				D43B33B62A28A2DB005FB7FF /* Coordinator in Frameworks */,
				2916A6AF8AA4C90EFE78D2E0 /* Pods_AppTest.framework in Frameworks */,
				D49F0A1429ED1D2600723CA2 /* WaterfallGrid in Frameworks */,
			);
			runOnlyForDeploymentPostprocessing = 0;
		};
/* End PBXFrameworksBuildPhase section */

/* Begin PBXGroup section */
		7401FCB04F815BE3F08801DB /* Pods */ = {
			isa = PBXGroup;
			children = (
				9036B86B5931C66DEC5997C8 /* Pods-AppTest.debug.xcconfig */,
				991BE97E681E29DC54105F30 /* Pods-AppTest.release.xcconfig */,
			);
			path = Pods;
			sourceTree = "<group>";
		};
		CE0D20E6A43987C8E3CEE5BE /* Frameworks */ = {
			isa = PBXGroup;
			children = (
				4D7E58AF015E32C35B40D162 /* Pods_AppTest.framework */,
			);
			name = Frameworks;
			sourceTree = "<group>";
		};
		D40D345229E3B62600AAD39B /* Input */ = {
			isa = PBXGroup;
			children = (
				D40D346829E4045500AAD39B /* View */,
				D40D345329E3B63E00AAD39B /* InputView.swift */,
				D4CB35BB29E55D2F0075575D /* InputViewModel.swift */,
			);
			path = Input;
			sourceTree = "<group>";
		};
		D40D345529E3B68600AAD39B /* Report */ = {
			isa = PBXGroup;
			children = (
				D40D346329E3E07F00AAD39B /* ReportView.swift */,
				D4FB67B129E6AD350023E7FC /* ReportViewModel.swift */,
			);
			path = Report;
			sourceTree = "<group>";
		};
		D40D345B29E3B6F200AAD39B /* Calendar */ = {
			isa = PBXGroup;
			children = (
				D40D346129E3E05700AAD39B /* CalendarView.swift */,
			);
			path = Calendar;
			sourceTree = "<group>";
		};
		D40D345C29E3B6F800AAD39B /* More */ = {
			isa = PBXGroup;
			children = (
				D49F0A1829ED2D9C00723CA2 /* View */,
				D40D345F29E3B70C00AAD39B /* MoreView.swift */,
				D417050C29E7C027008E1CCB /* MoreViewModel.swift */,
			);
			path = More;
			sourceTree = "<group>";
		};
		D40D346529E3E3D200AAD39B /* Components */ = {
			isa = PBXGroup;
			children = (
				D40D346629E3E3E300AAD39B /* CustomButton.swift */,
				D479637D29E457C3006B6A34 /* CustomTextField.swift */,
				D4CB35B629E51B400075575D /* CustomIcon.swift */,
				D417051029E7FBCD008E1CCB /* UIApplication.swift */,
				D4B12D7829E944BF00BE4813 /* DatePickerTextField.swift */,
			);
			path = Components;
			sourceTree = "<group>";
		};
		D40D346829E4045500AAD39B /* View */ = {
			isa = PBXGroup;
			children = (
				D40D346929E4046900AAD39B /* InputItemView.swift */,
				D4CB35B429E515700075575D /* CustomCategoryItem.swift */,
				D4B12D6C29E8F52000BE4813 /* CustomHeaderTabbar.swift */,
				D4B12D6E29E8F9C800BE4813 /* HeaderTabbarItem.swift */,
				D4B12D7629E933FB00BE4813 /* DatePickerView.swift */,
			);
			path = View;
			sourceTree = "<group>";
		};
		D43B339C2A288C13005FB7FF /* Main */ = {
			isa = PBXGroup;
			children = (
				D43B339F2A288C3F005FB7FF /* SubView */,
				D43B33AA2A288CFE005FB7FF /* MainRouter.swift */,
				D43B33AB2A288CFE005FB7FF /* MainViewFactory.swift */,
				D43B33AC2A288CFE005FB7FF /* MainView.swift */,
				D43B33AD2A288CFE005FB7FF /* MainViewModel.swift */,
			);
			path = Main;
			sourceTree = "<group>";
		};
		D43B339F2A288C3F005FB7FF /* SubView */ = {
			isa = PBXGroup;
			children = (
				D43B33A02A288C50005FB7FF /* TabItemView.swift */,
			);
			path = SubView;
			sourceTree = "<group>";
		};
		D48D580C29DFC65500259806 = {
			isa = PBXGroup;
			children = (
				D48D583529E0021100259806 /* swiftgen.yml */,
				D48D581729DFC65500259806 /* AppTest */,
				D48D581629DFC65500259806 /* Products */,
				7401FCB04F815BE3F08801DB /* Pods */,
				CE0D20E6A43987C8E3CEE5BE /* Frameworks */,
			);
			sourceTree = "<group>";
		};
		D48D581629DFC65500259806 /* Products */ = {
			isa = PBXGroup;
			children = (
				D48D581529DFC65500259806 /* AppTest.app */,
			);
			name = Products;
			sourceTree = "<group>";
		};
		D48D581729DFC65500259806 /* AppTest */ = {
			isa = PBXGroup;
			children = (
				D4CB35B829E55BDB0075575D /* Model */,
				D48D582C29DFFC2600259806 /* Resources */,
				D48D582629DFF22A00259806 /* View */,
				D4FB67B329E6B7560023E7FC /* App */,
				D48D581A29DFC65500259806 /* ContentView.swift */,
				D48D581E29DFC65A00259806 /* Preview Content */,
			);
			path = AppTest;
			sourceTree = "<group>";
		};
		D48D581E29DFC65A00259806 /* Preview Content */ = {
			isa = PBXGroup;
			children = (
				D48D581F29DFC65A00259806 /* Preview Assets.xcassets */,
			);
			path = "Preview Content";
			sourceTree = "<group>";
		};
		D48D582629DFF22A00259806 /* View */ = {
			isa = PBXGroup;
			children = (
				D4BF9BBC2A28A93200D4B4EF /* Profile */,
				D4BF9BB32A28A90F00D4B4EF /* Notification */,
				D4BF9BAA2A28A8EF00D4B4EF /* Chat */,
				D4BF9BA12A28A8D200D4B4EF /* Task */,
				D43B339C2A288C13005FB7FF /* Main */,
				D40D346529E3E3D200AAD39B /* Components */,
				D40D345C29E3B6F800AAD39B /* More */,
				D40D345B29E3B6F200AAD39B /* Calendar */,
				D40D345529E3B68600AAD39B /* Report */,
				D40D345229E3B62600AAD39B /* Input */,
				D48D582729DFF23200259806 /* TabbarViewController */,
			);
			path = View;
			sourceTree = "<group>";
		};
		D48D582729DFF23200259806 /* TabbarViewController */ = {
			isa = PBXGroup;
			children = (
				D48D582829DFF25800259806 /* CustomTabbarItem.swift */,
				D40D345029E3A54F00AAD39B /* CustomTabbar.swift */,
			);
			path = TabbarViewController;
			sourceTree = "<group>";
		};
		D48D582C29DFFC2600259806 /* Resources */ = {
			isa = PBXGroup;
			children = (
				D4F832FC2A29AA5C001EBCC8 /* Fonts */,
				D4F832F42A2984E9001EBCC8 /* Localization */,
				D48D583729E0034700259806 /* Generated */,
				D48D581C29DFC65A00259806 /* Assets.xcassets */,
				D48D582F29DFFC5600259806 /* Colors.xcassets */,
			);
			path = Resources;
			sourceTree = "<group>";
		};
		D48D583729E0034700259806 /* Generated */ = {
			isa = PBXGroup;
			children = (
				D48D583E29E00DA900259806 /* XCAssets+Generated.swift */,
				D4F832F72A298608001EBCC8 /* Strings+Generated.swift */,
				D4F8330F2A29AA8C001EBCC8 /* Fonts+Generated.swift */,
			);
			path = Generated;
			sourceTree = "<group>";
		};
		D49F0A1829ED2D9C00723CA2 /* View */ = {
			isa = PBXGroup;
			children = (
				D49F0A1929ED2DAF00723CA2 /* CustomUserCardView.swift */,
				D49F0A1B29ED36B200723CA2 /* UserDetailView.swift */,
			);
			path = View;
			sourceTree = "<group>";
		};
		D4BF9BA12A28A8D200D4B4EF /* Task */ = {
			isa = PBXGroup;
			children = (
				D4BF9BA22A28A8E600D4B4EF /* TaskRouter.swift */,
				D4BF9BA32A28A8E600D4B4EF /* TaskViewFactory.swift */,
				D4BF9BA42A28A8E600D4B4EF /* TaskView.swift */,
				D4BF9BA52A28A8E600D4B4EF /* TaskViewModel.swift */,
			);
			path = Task;
			sourceTree = "<group>";
		};
		D4BF9BAA2A28A8EF00D4B4EF /* Chat */ = {
			isa = PBXGroup;
			children = (
				D4BF9BAB2A28A90200D4B4EF /* ChatRouter.swift */,
				D4BF9BAC2A28A90200D4B4EF /* ChatViewFactory.swift */,
				D4BF9BAD2A28A90200D4B4EF /* ChatView.swift */,
				D4BF9BAE2A28A90200D4B4EF /* ChatViewModel.swift */,
			);
			path = Chat;
			sourceTree = "<group>";
		};
		D4BF9BB32A28A90F00D4B4EF /* Notification */ = {
			isa = PBXGroup;
			children = (
				D4BF9BB42A28A92700D4B4EF /* NotificationRouter.swift */,
				D4BF9BB52A28A92700D4B4EF /* NotificationViewFactory.swift */,
				D4BF9BB62A28A92700D4B4EF /* NotificationView.swift */,
				D4BF9BB72A28A92700D4B4EF /* NotificationViewModel.swift */,
			);
			path = Notification;
			sourceTree = "<group>";
		};
		D4BF9BBC2A28A93200D4B4EF /* Profile */ = {
			isa = PBXGroup;
			children = (
				D4BF9BBD2A28A95200D4B4EF /* ProfileRouter.swift */,
				D4BF9BBE2A28A95200D4B4EF /* ProfileViewFactory.swift */,
				D4BF9BBF2A28A95200D4B4EF /* ProfileView.swift */,
				D4BF9BC02A28A95200D4B4EF /* ProfileViewModel.swift */,
			);
			path = Profile;
			sourceTree = "<group>";
		};
		D4CB35B829E55BDB0075575D /* Model */ = {
			isa = PBXGroup;
			children = (
				D4CB35B929E55BE80075575D /* CategoryItem.swift */,
				D417050E29E7D664008E1CCB /* Country.swift */,
				D49F0A1029ECFD1C00723CA2 /* User.swift */,
			);
			path = Model;
			sourceTree = "<group>";
		};
		D4F832F42A2984E9001EBCC8 /* Localization */ = {
			isa = PBXGroup;
			children = (
				D4F832FB2A2992B8001EBCC8 /* Localizable.strings */,
			);
			path = Localization;
			sourceTree = "<group>";
		};
		D4F832FC2A29AA5C001EBCC8 /* Fonts */ = {
			isa = PBXGroup;
			children = (
				D4F832FD2A29AA5C001EBCC8 /* Nunito-Medium.ttf */,
				D4F832FE2A29AA5C001EBCC8 /* Nunito-ExtraBold.ttf */,
				D4F832FF2A29AA5C001EBCC8 /* Nunito-Light.ttf */,
				D4F833002A29AA5C001EBCC8 /* Nunito-Regular.ttf */,
				D4F833012A29AA5C001EBCC8 /* Nunito-SemiBold.ttf */,
				D4F833022A29AA5C001EBCC8 /* Nunito-Bold.ttf */,
				D4F833032A29AA5C001EBCC8 /* Nunito-Black.ttf */,
				D4F833042A29AA5C001EBCC8 /* Nunito-ExtraLight.ttf */,
				D4F833052A29AA5C001EBCC8 /* SF-Pro-Text-Medium.otf */,
			);
			path = Fonts;
			sourceTree = "<group>";
		};
		D4FB67B329E6B7560023E7FC /* App */ = {
			isa = PBXGroup;
			children = (
				D48D581829DFC65500259806 /* AppTestApp.swift */,
				D417051329E7FD6E008E1CCB /* KeyboardResponder.swift */,
				D43B33B22A288FB8005FB7FF /* AppState.swift */,
			);
			path = App;
			sourceTree = "<group>";
		};
/* End PBXGroup section */

/* Begin PBXNativeTarget section */
		D48D581429DFC65500259806 /* AppTest */ = {
			isa = PBXNativeTarget;
			buildConfigurationList = D48D582329DFC65A00259806 /* Build configuration list for PBXNativeTarget "AppTest" */;
			buildPhases = (
				D9C0F6373115FBD3D556D811 /* [CP] Check Pods Manifest.lock */,
				D48D581129DFC65500259806 /* Sources */,
				D48D581229DFC65500259806 /* Frameworks */,
				D48D581329DFC65500259806 /* Resources */,
				D48D583229DFFD8000259806 /* SwiftGen */,
			);
			buildRules = (
			);
			dependencies = (
			);
			name = AppTest;
			packageProductDependencies = (
				D49F0A1329ED1D2600723CA2 /* WaterfallGrid */,
				D43B33B52A28A2DB005FB7FF /* Coordinator */,
			);
			productName = AppTest;
			productReference = D48D581529DFC65500259806 /* AppTest.app */;
			productType = "com.apple.product-type.application";
		};
/* End PBXNativeTarget section */

/* Begin PBXProject section */
		D48D580D29DFC65500259806 /* Project object */ = {
			isa = PBXProject;
			attributes = {
				BuildIndependentTargetsInParallel = 1;
				LastSwiftUpdateCheck = 1420;
				LastUpgradeCheck = 1420;
				TargetAttributes = {
					D48D581429DFC65500259806 = {
						CreatedOnToolsVersion = 14.2;
					};
				};
			};
			buildConfigurationList = D48D581029DFC65500259806 /* Build configuration list for PBXProject "AppTest" */;
			compatibilityVersion = "Xcode 14.0";
			developmentRegion = en;
			hasScannedForEncodings = 0;
			knownRegions = (
				en,
				Base,
			);
			mainGroup = D48D580C29DFC65500259806;
			packageReferences = (
				D49F0A1229ED1D2600723CA2 /* XCRemoteSwiftPackageReference "WaterfallGrid" */,
				D43B33B42A28A2DB005FB7FF /* XCRemoteSwiftPackageReference "Coordinator" */,
			);
			productRefGroup = D48D581629DFC65500259806 /* Products */;
			projectDirPath = "";
			projectRoot = "";
			targets = (
				D48D581429DFC65500259806 /* AppTest */,
			);
		};
/* End PBXProject section */

/* Begin PBXResourcesBuildPhase section */
		D48D581329DFC65500259806 /* Resources */ = {
			isa = PBXResourcesBuildPhase;
			buildActionMask = 2147483647;
			files = (
				D4F832F92A2992B8001EBCC8 /* Localizable.strings in Resources */,
				D48D582029DFC65A00259806 /* Preview Assets.xcassets in Resources */,
				D4F833062A29AA5C001EBCC8 /* Nunito-Medium.ttf in Resources */,
				D48D583029DFFC5600259806 /* Colors.xcassets in Resources */,
				D4F8330A2A29AA5C001EBCC8 /* Nunito-SemiBold.ttf in Resources */,
				D48D581D29DFC65A00259806 /* Assets.xcassets in Resources */,
				D4F8330B2A29AA5C001EBCC8 /* Nunito-Bold.ttf in Resources */,
				D48D583629E0021100259806 /* swiftgen.yml in Resources */,
				D4F833092A29AA5C001EBCC8 /* Nunito-Regular.ttf in Resources */,
				D4F833082A29AA5C001EBCC8 /* Nunito-Light.ttf in Resources */,
				D4F833072A29AA5C001EBCC8 /* Nunito-ExtraBold.ttf in Resources */,
				D4F8330C2A29AA5C001EBCC8 /* Nunito-Black.ttf in Resources */,
				D4F8330E2A29AA5C001EBCC8 /* SF-Pro-Text-Medium.otf in Resources */,
				D4F8330D2A29AA5C001EBCC8 /* Nunito-ExtraLight.ttf in Resources */,
			);
			runOnlyForDeploymentPostprocessing = 0;
		};
/* End PBXResourcesBuildPhase section */

/* Begin PBXShellScriptBuildPhase section */
		D48D583229DFFD8000259806 /* SwiftGen */ = {
			isa = PBXShellScriptBuildPhase;
			buildActionMask = 2147483647;
			files = (
			);
			inputFileListPaths = (
			);
			inputPaths = (
			);
			name = SwiftGen;
			outputFileListPaths = (
			);
			outputPaths = (
			);
			runOnlyForDeploymentPostprocessing = 0;
			shellPath = /bin/sh;
			shellScript = "if [[ -f \"${PODS_ROOT}/SwiftGen/bin/swiftgen\" ]]; then\n  \"${PODS_ROOT}/SwiftGen/bin/swiftgen\"\nelse\n  echo \"warning: SwiftGen is not installed. Run 'pod install --repo-update' to install it.\"\nfi \n";
		};
		D9C0F6373115FBD3D556D811 /* [CP] Check Pods Manifest.lock */ = {
			isa = PBXShellScriptBuildPhase;
			buildActionMask = 2147483647;
			files = (
			);
			inputFileListPaths = (
			);
			inputPaths = (
				"${PODS_PODFILE_DIR_PATH}/Podfile.lock",
				"${PODS_ROOT}/Manifest.lock",
			);
			name = "[CP] Check Pods Manifest.lock";
			outputFileListPaths = (
			);
			outputPaths = (
				"$(DERIVED_FILE_DIR)/Pods-AppTest-checkManifestLockResult.txt",
			);
			runOnlyForDeploymentPostprocessing = 0;
			shellPath = /bin/sh;
			shellScript = "diff \"${PODS_PODFILE_DIR_PATH}/Podfile.lock\" \"${PODS_ROOT}/Manifest.lock\" > /dev/null\nif [ $? != 0 ] ; then\n    # print error to STDERR\n    echo \"error: The sandbox is not in sync with the Podfile.lock. Run 'pod install' or update your CocoaPods installation.\" >&2\n    exit 1\nfi\n# This output is used by Xcode 'outputs' to avoid re-running this script phase.\necho \"SUCCESS\" > \"${SCRIPT_OUTPUT_FILE_0}\"\n";
			showEnvVarsInLog = 0;
		};
/* End PBXShellScriptBuildPhase section */

/* Begin PBXSourcesBuildPhase section */
		D48D581129DFC65500259806 /* Sources */ = {
			isa = PBXSourcesBuildPhase;
			buildActionMask = 2147483647;
			files = (
				D49F0A1129ECFD1C00723CA2 /* User.swift in Sources */,
				D48D582929DFF25800259806 /* CustomTabbarItem.swift in Sources */,
				D4BF9BA82A28A8E600D4B4EF /* TaskView.swift in Sources */,
				D40D346029E3B70C00AAD39B /* MoreView.swift in Sources */,
				D43B33A12A288C51005FB7FF /* TabItemView.swift in Sources */,
				D417051429E7FD6E008E1CCB /* KeyboardResponder.swift in Sources */,
				D43B33AE2A288CFE005FB7FF /* MainRouter.swift in Sources */,
				D49F0A1C29ED36B200723CA2 /* UserDetailView.swift in Sources */,
				D40D345129E3A54F00AAD39B /* CustomTabbar.swift in Sources */,
				D49F0A1A29ED2DAF00723CA2 /* CustomUserCardView.swift in Sources */,
				D43B33B02A288CFE005FB7FF /* MainView.swift in Sources */,
				D4F832F82A298609001EBCC8 /* Strings+Generated.swift in Sources */,
				D4BF9BBB2A28A92700D4B4EF /* NotificationViewModel.swift in Sources */,
				D4BF9BB02A28A90200D4B4EF /* ChatViewFactory.swift in Sources */,
				D4BF9BA92A28A8E600D4B4EF /* TaskViewModel.swift in Sources */,
				D4BF9BC42A28A95200D4B4EF /* ProfileViewModel.swift in Sources */,
				D4BF9BA72A28A8E600D4B4EF /* TaskViewFactory.swift in Sources */,
				D48D581B29DFC65500259806 /* ContentView.swift in Sources */,
				D40D346729E3E3E300AAD39B /* CustomButton.swift in Sources */,
				D43B33AF2A288CFE005FB7FF /* MainViewFactory.swift in Sources */,
				D4B12D7929E944BF00BE4813 /* DatePickerTextField.swift in Sources */,
				D4B12D7729E933FB00BE4813 /* DatePickerView.swift in Sources */,
				D4B12D6D29E8F52000BE4813 /* CustomHeaderTabbar.swift in Sources */,
				D4B12D6F29E8F9C800BE4813 /* HeaderTabbarItem.swift in Sources */,
				D40D345429E3B63E00AAD39B /* InputView.swift in Sources */,
				D4BF9BB22A28A90200D4B4EF /* ChatViewModel.swift in Sources */,
				D4BF9BAF2A28A90200D4B4EF /* ChatRouter.swift in Sources */,
				D40D346429E3E07F00AAD39B /* ReportView.swift in Sources */,
				D4BF9BC32A28A95200D4B4EF /* ProfileView.swift in Sources */,
				D417050F29E7D664008E1CCB /* Country.swift in Sources */,
				D417051129E7FBCD008E1CCB /* UIApplication.swift in Sources */,
				D4BF9BA62A28A8E600D4B4EF /* TaskRouter.swift in Sources */,
				D40D346229E3E05700AAD39B /* CalendarView.swift in Sources */,
				D4FB67B229E6AD350023E7FC /* ReportViewModel.swift in Sources */,
				D4BF9BB82A28A92700D4B4EF /* NotificationRouter.swift in Sources */,
				D43B33B32A288FB8005FB7FF /* AppState.swift in Sources */,
				D479637E29E457C3006B6A34 /* CustomTextField.swift in Sources */,
				D48D581929DFC65500259806 /* AppTestApp.swift in Sources */,
				D4BF9BB92A28A92700D4B4EF /* NotificationViewFactory.swift in Sources */,
				D40D346A29E4046900AAD39B /* InputItemView.swift in Sources */,
				D4BF9BB12A28A90200D4B4EF /* ChatView.swift in Sources */,
				D4CB35BC29E55D2F0075575D /* InputViewModel.swift in Sources */,
				D4BF9BC22A28A95200D4B4EF /* ProfileViewFactory.swift in Sources */,
				D4CB35BA29E55BE80075575D /* CategoryItem.swift in Sources */,
				D4CB35B529E515700075575D /* CustomCategoryItem.swift in Sources */,
				D48D583F29E00DA900259806 /* XCAssets+Generated.swift in Sources */,
				D4CB35B729E51B400075575D /* CustomIcon.swift in Sources */,
				D417050D29E7C027008E1CCB /* MoreViewModel.swift in Sources */,
				D4F833102A29AA8C001EBCC8 /* Fonts+Generated.swift in Sources */,
				D43B33B12A288CFE005FB7FF /* MainViewModel.swift in Sources */,
				D4BF9BBA2A28A92700D4B4EF /* NotificationView.swift in Sources */,
				D4BF9BC12A28A95200D4B4EF /* ProfileRouter.swift in Sources */,
			);
			runOnlyForDeploymentPostprocessing = 0;
		};
/* End PBXSourcesBuildPhase section */

/* Begin PBXVariantGroup section */
		D4F832FB2A2992B8001EBCC8 /* Localizable.strings */ = {
			isa = PBXVariantGroup;
			children = (
				D4F832FA2A2992B8001EBCC8 /* en */,
			);
			name = Localizable.strings;
			sourceTree = "<group>";
		};
/* End PBXVariantGroup section */

/* Begin XCBuildConfiguration section */
		D48D582129DFC65A00259806 /* Debug */ = {
			isa = XCBuildConfiguration;
			buildSettings = {
				ALWAYS_SEARCH_USER_PATHS = NO;
				CLANG_ANALYZER_NONNULL = YES;
				CLANG_ANALYZER_NUMBER_OBJECT_CONVERSION = YES_AGGRESSIVE;
				CLANG_CXX_LANGUAGE_STANDARD = "gnu++20";
				CLANG_ENABLE_MODULES = YES;
				CLANG_ENABLE_OBJC_ARC = YES;
				CLANG_ENABLE_OBJC_WEAK = YES;
				CLANG_WARN_BLOCK_CAPTURE_AUTORELEASING = YES;
				CLANG_WARN_BOOL_CONVERSION = YES;
				CLANG_WARN_COMMA = YES;
				CLANG_WARN_CONSTANT_CONVERSION = YES;
				CLANG_WARN_DEPRECATED_OBJC_IMPLEMENTATIONS = YES;
				CLANG_WARN_DIRECT_OBJC_ISA_USAGE = YES_ERROR;
				CLANG_WARN_DOCUMENTATION_COMMENTS = YES;
				CLANG_WARN_EMPTY_BODY = YES;
				CLANG_WARN_ENUM_CONVERSION = YES;
				CLANG_WARN_INFINITE_RECURSION = YES;
				CLANG_WARN_INT_CONVERSION = YES;
				CLANG_WARN_NON_LITERAL_NULL_CONVERSION = YES;
				CLANG_WARN_OBJC_IMPLICIT_RETAIN_SELF = YES;
				CLANG_WARN_OBJC_LITERAL_CONVERSION = YES;
				CLANG_WARN_OBJC_ROOT_CLASS = YES_ERROR;
				CLANG_WARN_QUOTED_INCLUDE_IN_FRAMEWORK_HEADER = YES;
				CLANG_WARN_RANGE_LOOP_ANALYSIS = YES;
				CLANG_WARN_STRICT_PROTOTYPES = YES;
				CLANG_WARN_SUSPICIOUS_MOVE = YES;
				CLANG_WARN_UNGUARDED_AVAILABILITY = YES_AGGRESSIVE;
				CLANG_WARN_UNREACHABLE_CODE = YES;
				CLANG_WARN__DUPLICATE_METHOD_MATCH = YES;
				COPY_PHASE_STRIP = NO;
				DEBUG_INFORMATION_FORMAT = dwarf;
				ENABLE_STRICT_OBJC_MSGSEND = YES;
				ENABLE_TESTABILITY = YES;
				GCC_C_LANGUAGE_STANDARD = gnu11;
				GCC_DYNAMIC_NO_PIC = NO;
				GCC_NO_COMMON_BLOCKS = YES;
				GCC_OPTIMIZATION_LEVEL = 0;
				GCC_PREPROCESSOR_DEFINITIONS = (
					"DEBUG=1",
					"$(inherited)",
				);
				GCC_WARN_64_TO_32_BIT_CONVERSION = YES;
				GCC_WARN_ABOUT_RETURN_TYPE = YES_ERROR;
				GCC_WARN_UNDECLARED_SELECTOR = YES;
				GCC_WARN_UNINITIALIZED_AUTOS = YES_AGGRESSIVE;
				GCC_WARN_UNUSED_FUNCTION = YES;
				GCC_WARN_UNUSED_VARIABLE = YES;
				IPHONEOS_DEPLOYMENT_TARGET = 16.2;
				MTL_ENABLE_DEBUG_INFO = INCLUDE_SOURCE;
				MTL_FAST_MATH = YES;
				ONLY_ACTIVE_ARCH = YES;
				SDKROOT = iphoneos;
				SWIFT_ACTIVE_COMPILATION_CONDITIONS = DEBUG;
				SWIFT_OPTIMIZATION_LEVEL = "-Onone";
			};
			name = Debug;
		};
		D48D582229DFC65A00259806 /* Release */ = {
			isa = XCBuildConfiguration;
			buildSettings = {
				ALWAYS_SEARCH_USER_PATHS = NO;
				CLANG_ANALYZER_NONNULL = YES;
				CLANG_ANALYZER_NUMBER_OBJECT_CONVERSION = YES_AGGRESSIVE;
				CLANG_CXX_LANGUAGE_STANDARD = "gnu++20";
				CLANG_ENABLE_MODULES = YES;
				CLANG_ENABLE_OBJC_ARC = YES;
				CLANG_ENABLE_OBJC_WEAK = YES;
				CLANG_WARN_BLOCK_CAPTURE_AUTORELEASING = YES;
				CLANG_WARN_BOOL_CONVERSION = YES;
				CLANG_WARN_COMMA = YES;
				CLANG_WARN_CONSTANT_CONVERSION = YES;
				CLANG_WARN_DEPRECATED_OBJC_IMPLEMENTATIONS = YES;
				CLANG_WARN_DIRECT_OBJC_ISA_USAGE = YES_ERROR;
				CLANG_WARN_DOCUMENTATION_COMMENTS = YES;
				CLANG_WARN_EMPTY_BODY = YES;
				CLANG_WARN_ENUM_CONVERSION = YES;
				CLANG_WARN_INFINITE_RECURSION = YES;
				CLANG_WARN_INT_CONVERSION = YES;
				CLANG_WARN_NON_LITERAL_NULL_CONVERSION = YES;
				CLANG_WARN_OBJC_IMPLICIT_RETAIN_SELF = YES;
				CLANG_WARN_OBJC_LITERAL_CONVERSION = YES;
				CLANG_WARN_OBJC_ROOT_CLASS = YES_ERROR;
				CLANG_WARN_QUOTED_INCLUDE_IN_FRAMEWORK_HEADER = YES;
				CLANG_WARN_RANGE_LOOP_ANALYSIS = YES;
				CLANG_WARN_STRICT_PROTOTYPES = YES;
				CLANG_WARN_SUSPICIOUS_MOVE = YES;
				CLANG_WARN_UNGUARDED_AVAILABILITY = YES_AGGRESSIVE;
				CLANG_WARN_UNREACHABLE_CODE = YES;
				CLANG_WARN__DUPLICATE_METHOD_MATCH = YES;
				COPY_PHASE_STRIP = NO;
				DEBUG_INFORMATION_FORMAT = "dwarf-with-dsym";
				ENABLE_NS_ASSERTIONS = NO;
				ENABLE_STRICT_OBJC_MSGSEND = YES;
				GCC_C_LANGUAGE_STANDARD = gnu11;
				GCC_NO_COMMON_BLOCKS = YES;
				GCC_WARN_64_TO_32_BIT_CONVERSION = YES;
				GCC_WARN_ABOUT_RETURN_TYPE = YES_ERROR;
				GCC_WARN_UNDECLARED_SELECTOR = YES;
				GCC_WARN_UNINITIALIZED_AUTOS = YES_AGGRESSIVE;
				GCC_WARN_UNUSED_FUNCTION = YES;
				GCC_WARN_UNUSED_VARIABLE = YES;
				IPHONEOS_DEPLOYMENT_TARGET = 16.2;
				MTL_ENABLE_DEBUG_INFO = NO;
				MTL_FAST_MATH = YES;
				SDKROOT = iphoneos;
				SWIFT_COMPILATION_MODE = wholemodule;
				SWIFT_OPTIMIZATION_LEVEL = "-O";
				VALIDATE_PRODUCT = YES;
			};
			name = Release;
		};
		D48D582429DFC65A00259806 /* Debug */ = {
			isa = XCBuildConfiguration;
			baseConfigurationReference = 9036B86B5931C66DEC5997C8 /* Pods-AppTest.debug.xcconfig */;
			buildSettings = {
				ASSETCATALOG_COMPILER_GLOBAL_ACCENT_COLOR_NAME = AccentColor;
				"CODE_SIGN_IDENTITY[sdk=iphoneos*]" = "iPhone Developer";
				CODE_SIGN_STYLE = Manual;
				CURRENT_PROJECT_VERSION = 1;
				DEVELOPMENT_ASSET_PATHS = "\"AppTest/Preview Content\"";
				DEVELOPMENT_TEAM = "";
				"DEVELOPMENT_TEAM[sdk=iphoneos*]" = P3NCHL3A68;
				ENABLE_PREVIEWS = YES;
				GENERATE_INFOPLIST_FILE = YES;
				INFOPLIST_KEY_UIApplicationSceneManifest_Generation = YES;
				INFOPLIST_KEY_UIApplicationSupportsIndirectInputEvents = YES;
				INFOPLIST_KEY_UILaunchScreen_Generation = YES;
				INFOPLIST_KEY_UISupportedInterfaceOrientations_iPad = "UIInterfaceOrientationPortrait UIInterfaceOrientationPortraitUpsideDown UIInterfaceOrientationLandscapeLeft UIInterfaceOrientationLandscapeRight";
				INFOPLIST_KEY_UISupportedInterfaceOrientations_iPhone = "UIInterfaceOrientationPortrait UIInterfaceOrientationLandscapeLeft UIInterfaceOrientationLandscapeRight";
				IPHONEOS_DEPLOYMENT_TARGET = 14.0;
				LD_RUNPATH_SEARCH_PATHS = (
					"$(inherited)",
					"@executable_path/Frameworks",
				);
				MARKETING_VERSION = 1.0;
				PRODUCT_BUNDLE_IDENTIFIER = com.nuddg.ios.staging;
				PRODUCT_NAME = "$(TARGET_NAME)";
				PROVISIONING_PROFILE_SPECIFIER = "";
				"PROVISIONING_PROFILE_SPECIFIER[sdk=iphoneos*]" = "TMSBlocker App profile";
				SWIFT_EMIT_LOC_STRINGS = YES;
				SWIFT_VERSION = 5.0;
				TARGETED_DEVICE_FAMILY = "1,2";
			};
			name = Debug;
		};
		D48D582529DFC65A00259806 /* Release */ = {
			isa = XCBuildConfiguration;
			baseConfigurationReference = 991BE97E681E29DC54105F30 /* Pods-AppTest.release.xcconfig */;
			buildSettings = {
				ASSETCATALOG_COMPILER_GLOBAL_ACCENT_COLOR_NAME = AccentColor;
				"CODE_SIGN_IDENTITY[sdk=iphoneos*]" = "iPhone Developer";
				CODE_SIGN_STYLE = Manual;
				CURRENT_PROJECT_VERSION = 1;
				DEVELOPMENT_ASSET_PATHS = "\"AppTest/Preview Content\"";
				DEVELOPMENT_TEAM = "";
				"DEVELOPMENT_TEAM[sdk=iphoneos*]" = P3NCHL3A68;
				ENABLE_PREVIEWS = YES;
				GENERATE_INFOPLIST_FILE = YES;
				INFOPLIST_KEY_UIApplicationSceneManifest_Generation = YES;
				INFOPLIST_KEY_UIApplicationSupportsIndirectInputEvents = YES;
				INFOPLIST_KEY_UILaunchScreen_Generation = YES;
				INFOPLIST_KEY_UISupportedInterfaceOrientations_iPad = "UIInterfaceOrientationPortrait UIInterfaceOrientationPortraitUpsideDown UIInterfaceOrientationLandscapeLeft UIInterfaceOrientationLandscapeRight";
				INFOPLIST_KEY_UISupportedInterfaceOrientations_iPhone = "UIInterfaceOrientationPortrait UIInterfaceOrientationLandscapeLeft UIInterfaceOrientationLandscapeRight";
				IPHONEOS_DEPLOYMENT_TARGET = 14.0;
				LD_RUNPATH_SEARCH_PATHS = (
					"$(inherited)",
					"@executable_path/Frameworks",
				);
				MARKETING_VERSION = 1.0;
				PRODUCT_BUNDLE_IDENTIFIER = com.nuddg.ios.staging;
				PRODUCT_NAME = "$(TARGET_NAME)";
				PROVISIONING_PROFILE_SPECIFIER = "";
				"PROVISIONING_PROFILE_SPECIFIER[sdk=iphoneos*]" = "TMSBlocker App profile";
				SWIFT_EMIT_LOC_STRINGS = YES;
				SWIFT_VERSION = 5.0;
				TARGETED_DEVICE_FAMILY = "1,2";
			};
			name = Release;
		};
/* End XCBuildConfiguration section */

/* Begin XCConfigurationList section */
		D48D581029DFC65500259806 /* Build configuration list for PBXProject "AppTest" */ = {
			isa = XCConfigurationList;
			buildConfigurations = (
				D48D582129DFC65A00259806 /* Debug */,
				D48D582229DFC65A00259806 /* Release */,
			);
			defaultConfigurationIsVisible = 0;
			defaultConfigurationName = Release;
		};
		D48D582329DFC65A00259806 /* Build configuration list for PBXNativeTarget "AppTest" */ = {
			isa = XCConfigurationList;
			buildConfigurations = (
				D48D582429DFC65A00259806 /* Debug */,
				D48D582529DFC65A00259806 /* Release */,
			);
			defaultConfigurationIsVisible = 0;
			defaultConfigurationName = Release;
		};
/* End XCConfigurationList section */

/* Begin XCRemoteSwiftPackageReference section */
		D43B33B42A28A2DB005FB7FF /* XCRemoteSwiftPackageReference "Coordinator" */ = {
			isa = XCRemoteSwiftPackageReference;
			repositoryURL = "https://github.com/SwiftUIX/Coordinator";
			requirement = {
				branch = master;
				kind = branch;
			};
		};
		D49F0A1229ED1D2600723CA2 /* XCRemoteSwiftPackageReference "WaterfallGrid" */ = {
			isa = XCRemoteSwiftPackageReference;
			repositoryURL = "https://github.com/paololeonardi/WaterfallGrid";
			requirement = {
				kind = upToNextMajorVersion;
				minimumVersion = 1.0.0;
			};
		};
/* End XCRemoteSwiftPackageReference section */

/* Begin XCSwiftPackageProductDependency section */
		D43B33B52A28A2DB005FB7FF /* Coordinator */ = {
			isa = XCSwiftPackageProductDependency;
			package = D43B33B42A28A2DB005FB7FF /* XCRemoteSwiftPackageReference "Coordinator" */;
			productName = Coordinator;
		};
		D49F0A1329ED1D2600723CA2 /* WaterfallGrid */ = {
			isa = XCSwiftPackageProductDependency;
			package = D49F0A1229ED1D2600723CA2 /* XCRemoteSwiftPackageReference "WaterfallGrid" */;
			productName = WaterfallGrid;
		};
/* End XCSwiftPackageProductDependency section */
	};
	rootObject = D48D580D29DFC65500259806 /* Project object */;
}
